// !$*UTF8*$!
{
	archiveVersion = 1;
	classes = {
	};
	objectVersion = 46;
	objects = {

/* Begin PBXBuildFile section */
		55070C0312AED81E0071FF22 /* CitiesTableViewController.m in Sources */ = {isa = PBXBuildFile; fileRef = 55070C0212AED81E0071FF22 /* CitiesTableViewController.m */; };
		550AA14312AEE33F00B70E89 /* ProvidersTableViewController.m in Sources */ = {isa = PBXBuildFile; fileRef = 550AA14212AEE33F00B70E89 /* ProvidersTableViewController.m */; };
		550AA14612AEE68400B70E89 /* ProductsTableViewController.m in Sources */ = {isa = PBXBuildFile; fileRef = 550AA14512AEE68400B70E89 /* ProductsTableViewController.m */; };
		5559888712AE7058002060FE /* NSObject+SBJSON.m in Sources */ = {isa = PBXBuildFile; fileRef = 5559887E12AE7058002060FE /* NSObject+SBJSON.m */; };
		5559888812AE7058002060FE /* NSString+SBJSON.m in Sources */ = {isa = PBXBuildFile; fileRef = 5559888012AE7058002060FE /* NSString+SBJSON.m */; };
		5559888912AE7058002060FE /* SBJsonBase.m in Sources */ = {isa = PBXBuildFile; fileRef = 5559888212AE7058002060FE /* SBJsonBase.m */; };
		5559888A12AE7058002060FE /* SBJsonParser.m in Sources */ = {isa = PBXBuildFile; fileRef = 5559888412AE7058002060FE /* SBJsonParser.m */; };
		5559888B12AE7058002060FE /* SBJsonWriter.m in Sources */ = {isa = PBXBuildFile; fileRef = 5559888612AE7058002060FE /* SBJsonWriter.m */; };
		555988DD12AE818B002060FE /* NSObject+AssociatedObjects.m in Sources */ = {isa = PBXBuildFile; fileRef = 555988C612AE818B002060FE /* NSObject+AssociatedObjects.m */; };
		555988EE12AE86C8002060FE /* GTMGatherInputStream.m in Sources */ = {isa = PBXBuildFile; fileRef = 555988E112AE86C8002060FE /* GTMGatherInputStream.m */; };
		555988EF12AE86C8002060FE /* GTMHTTPFetcher.m in Sources */ = {isa = PBXBuildFile; fileRef = 555988E312AE86C8002060FE /* GTMHTTPFetcher.m */; };
		555988F012AE86C8002060FE /* GTMHTTPFetcherLogging.m in Sources */ = {isa = PBXBuildFile; fileRef = 555988E512AE86C8002060FE /* GTMHTTPFetcherLogging.m */; };
		555988F112AE86C8002060FE /* GTMHTTPFetcherService.m in Sources */ = {isa = PBXBuildFile; fileRef = 555988E712AE86C8002060FE /* GTMHTTPFetcherService.m */; };
		555988F212AE86C8002060FE /* GTMHTTPFetchHistory.m in Sources */ = {isa = PBXBuildFile; fileRef = 555988E912AE86C8002060FE /* GTMHTTPFetchHistory.m */; };
		555988F312AE86C8002060FE /* GTMHTTPUploadFetcher.m in Sources */ = {isa = PBXBuildFile; fileRef = 555988EB12AE86C8002060FE /* GTMHTTPUploadFetcher.m */; };
		555988F412AE86C8002060FE /* GTMMIMEDocument.m in Sources */ = {isa = PBXBuildFile; fileRef = 555988ED12AE86C8002060FE /* GTMMIMEDocument.m */; };
		5577F8B812AFA232006BBEA5 /* ProductViewController.m in Sources */ = {isa = PBXBuildFile; fileRef = 5577F8B712AFA232006BBEA5 /* ProductViewController.m */; };
		5577F8C712B11C5B006BBEA5 /* GTMHTTPFetcher.m in Sources */ = {isa = PBXBuildFile; fileRef = 555988E312AE86C8002060FE /* GTMHTTPFetcher.m */; };
		5577F8C812B11C62006BBEA5 /* GTMGatherInputStream.m in Sources */ = {isa = PBXBuildFile; fileRef = 555988E112AE86C8002060FE /* GTMGatherInputStream.m */; };
		5577F8C912B11C67006BBEA5 /* GTMHTTPFetcherLogging.m in Sources */ = {isa = PBXBuildFile; fileRef = 555988E512AE86C8002060FE /* GTMHTTPFetcherLogging.m */; };
		5577F8CA12B11C69006BBEA5 /* GTMHTTPFetcherService.m in Sources */ = {isa = PBXBuildFile; fileRef = 555988E712AE86C8002060FE /* GTMHTTPFetcherService.m */; };
		5577F8CB12B11C6C006BBEA5 /* GTMHTTPFetchHistory.m in Sources */ = {isa = PBXBuildFile; fileRef = 555988E912AE86C8002060FE /* GTMHTTPFetchHistory.m */; };
		5577F8CC12B11C81006BBEA5 /* GTMHTTPUploadFetcher.m in Sources */ = {isa = PBXBuildFile; fileRef = 555988EB12AE86C8002060FE /* GTMHTTPUploadFetcher.m */; };
		5577F8CD12B11C84006BBEA5 /* GTMMIMEDocument.m in Sources */ = {isa = PBXBuildFile; fileRef = 555988ED12AE86C8002060FE /* GTMMIMEDocument.m */; };
		5577F8CE12B11CE1006BBEA5 /* TestDbImporter.m in Sources */ = {isa = PBXBuildFile; fileRef = 5577F8C512B11283006BBEA5 /* TestDbImporter.m */; };
		5577F8CF12B11D52006BBEA5 /* TestDbImporter.h in Resources */ = {isa = PBXBuildFile; fileRef = 5577F8C412B11283006BBEA5 /* TestDbImporter.h */; };
		5588C7561291630800AE2ECE /* UIKit.framework in Frameworks */ = {isa = PBXBuildFile; fileRef = 5588C7551291630800AE2ECE /* UIKit.framework */; };
		5588C7581291630800AE2ECE /* Foundation.framework in Frameworks */ = {isa = PBXBuildFile; fileRef = 5588C7571291630800AE2ECE /* Foundation.framework */; };
		5588C75A1291630800AE2ECE /* CoreGraphics.framework in Frameworks */ = {isa = PBXBuildFile; fileRef = 5588C7591291630800AE2ECE /* CoreGraphics.framework */; };
		5588C75C1291630800AE2ECE /* CoreData.framework in Frameworks */ = {isa = PBXBuildFile; fileRef = 5588C75B1291630800AE2ECE /* CoreData.framework */; };
		5588C7611291630800AE2ECE /* InfoPlist.strings in Resources */ = {isa = PBXBuildFile; fileRef = 5588C75F1291630800AE2ECE /* InfoPlist.strings */; };
		5588C7631291630800AE2ECE /* FoodEx-main.m in Sources */ = {isa = PBXBuildFile; fileRef = 5588C7621291630800AE2ECE /* FoodEx-main.m */; };
		5588C7661291630800AE2ECE /* FoodExAppDelegate.m in Sources */ = {isa = PBXBuildFile; fileRef = 5588C7651291630800AE2ECE /* FoodExAppDelegate.m */; };
		5588C7691291630800AE2ECE /* FoodEx.xcdatamodel in Sources */ = {isa = PBXBuildFile; fileRef = 5588C7681291630800AE2ECE /* FoodEx.xcdatamodel */; };
		5588C76C1291630800AE2ECE /* MainWindow_iPhone.xib in Resources */ = {isa = PBXBuildFile; fileRef = 5588C76A1291630800AE2ECE /* MainWindow_iPhone.xib */; };
		5588C76F1291630800AE2ECE /* MainWindow_iPad.xib in Resources */ = {isa = PBXBuildFile; fileRef = 5588C76D1291630800AE2ECE /* MainWindow_iPad.xib */; };
		5588C7721291630800AE2ECE /* FoodExAppDelegate_iPhone.m in Sources */ = {isa = PBXBuildFile; fileRef = 5588C7711291630800AE2ECE /* FoodExAppDelegate_iPhone.m */; };
		5588C7751291630800AE2ECE /* FoodExAppDelegate_iPad.m in Sources */ = {isa = PBXBuildFile; fileRef = 5588C7741291630800AE2ECE /* FoodExAppDelegate_iPad.m */; };
		5588C77D1291630900AE2ECE /* UIKit.framework in Frameworks */ = {isa = PBXBuildFile; fileRef = 5588C7551291630800AE2ECE /* UIKit.framework */; };
		5588C77E1291630900AE2ECE /* Foundation.framework in Frameworks */ = {isa = PBXBuildFile; fileRef = 5588C7571291630800AE2ECE /* Foundation.framework */; };
		5588C77F1291630900AE2ECE /* CoreGraphics.framework in Frameworks */ = {isa = PBXBuildFile; fileRef = 5588C7591291630800AE2ECE /* CoreGraphics.framework */; };
		5588C7831291630900AE2ECE /* InfoPlist.strings in Resources */ = {isa = PBXBuildFile; fileRef = 5588C7821291630900AE2ECE /* InfoPlist.strings */; };
		5588C7851291630900AE2ECE /* FoodExTests.h in Resources */ = {isa = PBXBuildFile; fileRef = 5588C7841291630900AE2ECE /* FoodExTests.h */; };
		5588C7871291630900AE2ECE /* FoodExTests.m in Sources */ = {isa = PBXBuildFile; fileRef = 5588C7861291630900AE2ECE /* FoodExTests.m */; };
		5588C79E1291641A00AE2ECE /* Default-Landscape.png in Resources */ = {isa = PBXBuildFile; fileRef = 5588C7941291641A00AE2ECE /* Default-Landscape.png */; };
		5588C79F1291641A00AE2ECE /* Default-Portrait.png in Resources */ = {isa = PBXBuildFile; fileRef = 5588C7951291641A00AE2ECE /* Default-Portrait.png */; };
		5588C7A01291641A00AE2ECE /* Default.png in Resources */ = {isa = PBXBuildFile; fileRef = 5588C7961291641A00AE2ECE /* Default.png */; };
		5588C7A11291641A00AE2ECE /* Default@2x.png in Resources */ = {isa = PBXBuildFile; fileRef = 5588C7971291641A00AE2ECE /* Default@2x.png */; };
		5588C7A21291641A00AE2ECE /* Icon-72.png in Resources */ = {isa = PBXBuildFile; fileRef = 5588C7981291641A00AE2ECE /* Icon-72.png */; };
		5588C7A31291641A00AE2ECE /* Icon-Small-50.png in Resources */ = {isa = PBXBuildFile; fileRef = 5588C7991291641A00AE2ECE /* Icon-Small-50.png */; };
		5588C7A41291641A00AE2ECE /* Icon-Small.png in Resources */ = {isa = PBXBuildFile; fileRef = 5588C79A1291641A00AE2ECE /* Icon-Small.png */; };
		5588C7A51291641A00AE2ECE /* Icon-Small@2x.png in Resources */ = {isa = PBXBuildFile; fileRef = 5588C79B1291641A00AE2ECE /* Icon-Small@2x.png */; };
		5588C7A61291641A00AE2ECE /* Icon.png in Resources */ = {isa = PBXBuildFile; fileRef = 5588C79C1291641A00AE2ECE /* Icon.png */; };
		5588C7A71291641A00AE2ECE /* Icon@2x.png in Resources */ = {isa = PBXBuildFile; fileRef = 5588C79D1291641A00AE2ECE /* Icon@2x.png */; };
		55A0D36212B80B040038C710 /* UIImage+TKAdditions.m in Sources */ = {isa = PBXBuildFile; fileRef = 55A0D36112B80B040038C710 /* UIImage+TKAdditions.m */; };
		55A0D36612B820730038C710 /* MBProgressHUD.m in Sources */ = {isa = PBXBuildFile; fileRef = 55A0D36512B820730038C710 /* MBProgressHUD.m */; };
		55AB55361299994900E06192 /* FoodExApi.m in Sources */ = {isa = PBXBuildFile; fileRef = 55AB55351299994900E06192 /* FoodExApi.m */; };
		55AB55371299994900E06192 /* FoodExApi.m in Sources */ = {isa = PBXBuildFile; fileRef = 55AB55351299994900E06192 /* FoodExApi.m */; };
		55C3EBE212AEF04900876B70 /* ImageCache.m in Sources */ = {isa = PBXBuildFile; fileRef = 55C3EBE012AEF04900876B70 /* ImageCache.m */; };
/* End PBXBuildFile section */

/* Begin PBXFileReference section */
		55070C0112AED81E0071FF22 /* CitiesTableViewController.h */ = {isa = PBXFileReference; fileEncoding = 4; lastKnownFileType = sourcecode.c.h; name = CitiesTableViewController.h; path = ../Views/CitiesTableViewController.h; sourceTree = "<group>"; };
		55070C0212AED81E0071FF22 /* CitiesTableViewController.m */ = {isa = PBXFileReference; fileEncoding = 4; lastKnownFileType = sourcecode.c.objc; name = CitiesTableViewController.m; path = ../Views/CitiesTableViewController.m; sourceTree = "<group>"; };
		550AA14112AEE33F00B70E89 /* ProvidersTableViewController.h */ = {isa = PBXFileReference; fileEncoding = 4; lastKnownFileType = sourcecode.c.h; name = ProvidersTableViewController.h; path = Views/ProvidersTableViewController.h; sourceTree = SOURCE_ROOT; };
		550AA14212AEE33F00B70E89 /* ProvidersTableViewController.m */ = {isa = PBXFileReference; fileEncoding = 4; lastKnownFileType = sourcecode.c.objc; name = ProvidersTableViewController.m; path = Views/ProvidersTableViewController.m; sourceTree = SOURCE_ROOT; };
		550AA14412AEE68400B70E89 /* ProductsTableViewController.h */ = {isa = PBXFileReference; fileEncoding = 4; lastKnownFileType = sourcecode.c.h; name = ProductsTableViewController.h; path = Views/ProductsTableViewController.h; sourceTree = SOURCE_ROOT; };
		550AA14512AEE68400B70E89 /* ProductsTableViewController.m */ = {isa = PBXFileReference; fileEncoding = 4; lastKnownFileType = sourcecode.c.objc; name = ProductsTableViewController.m; path = Views/ProductsTableViewController.m; sourceTree = SOURCE_ROOT; };
		5559887C12AE7058002060FE /* JSON.h */ = {isa = PBXFileReference; fileEncoding = 4; lastKnownFileType = sourcecode.c.h; path = JSON.h; sourceTree = "<group>"; };
		5559887D12AE7058002060FE /* NSObject+SBJSON.h */ = {isa = PBXFileReference; fileEncoding = 4; lastKnownFileType = sourcecode.c.h; path = "NSObject+SBJSON.h"; sourceTree = "<group>"; };
		5559887E12AE7058002060FE /* NSObject+SBJSON.m */ = {isa = PBXFileReference; fileEncoding = 4; lastKnownFileType = sourcecode.c.objc; path = "NSObject+SBJSON.m"; sourceTree = "<group>"; };
		5559887F12AE7058002060FE /* NSString+SBJSON.h */ = {isa = PBXFileReference; fileEncoding = 4; lastKnownFileType = sourcecode.c.h; path = "NSString+SBJSON.h"; sourceTree = "<group>"; };
		5559888012AE7058002060FE /* NSString+SBJSON.m */ = {isa = PBXFileReference; fileEncoding = 4; lastKnownFileType = sourcecode.c.objc; path = "NSString+SBJSON.m"; sourceTree = "<group>"; };
		5559888112AE7058002060FE /* SBJsonBase.h */ = {isa = PBXFileReference; fileEncoding = 4; lastKnownFileType = sourcecode.c.h; path = SBJsonBase.h; sourceTree = "<group>"; };
		5559888212AE7058002060FE /* SBJsonBase.m */ = {isa = PBXFileReference; fileEncoding = 4; lastKnownFileType = sourcecode.c.objc; path = SBJsonBase.m; sourceTree = "<group>"; };
		5559888312AE7058002060FE /* SBJsonParser.h */ = {isa = PBXFileReference; fileEncoding = 4; lastKnownFileType = sourcecode.c.h; path = SBJsonParser.h; sourceTree = "<group>"; };
		5559888412AE7058002060FE /* SBJsonParser.m */ = {isa = PBXFileReference; fileEncoding = 4; lastKnownFileType = sourcecode.c.objc; path = SBJsonParser.m; sourceTree = "<group>"; };
		5559888512AE7058002060FE /* SBJsonWriter.h */ = {isa = PBXFileReference; fileEncoding = 4; lastKnownFileType = sourcecode.c.h; path = SBJsonWriter.h; sourceTree = "<group>"; };
		5559888612AE7058002060FE /* SBJsonWriter.m */ = {isa = PBXFileReference; fileEncoding = 4; lastKnownFileType = sourcecode.c.objc; path = SBJsonWriter.m; sourceTree = "<group>"; };
		5559889612AE72B5002060FE /* SynthesizeSingleton.h */ = {isa = PBXFileReference; fileEncoding = 4; lastKnownFileType = sourcecode.c.h; path = SynthesizeSingleton.h; sourceTree = "<group>"; };
		555988C512AE818B002060FE /* NSObject+AssociatedObjects.h */ = {isa = PBXFileReference; fileEncoding = 4; lastKnownFileType = sourcecode.c.h; path = "NSObject+AssociatedObjects.h"; sourceTree = "<group>"; };
		555988C612AE818B002060FE /* NSObject+AssociatedObjects.m */ = {isa = PBXFileReference; fileEncoding = 4; lastKnownFileType = sourcecode.c.objc; path = "NSObject+AssociatedObjects.m"; sourceTree = "<group>"; };
		555988E012AE86C8002060FE /* GTMGatherInputStream.h */ = {isa = PBXFileReference; fileEncoding = 4; lastKnownFileType = sourcecode.c.h; path = GTMGatherInputStream.h; sourceTree = "<group>"; };
		555988E112AE86C8002060FE /* GTMGatherInputStream.m */ = {isa = PBXFileReference; fileEncoding = 4; lastKnownFileType = sourcecode.c.objc; path = GTMGatherInputStream.m; sourceTree = "<group>"; };
		555988E212AE86C8002060FE /* GTMHTTPFetcher.h */ = {isa = PBXFileReference; fileEncoding = 4; lastKnownFileType = sourcecode.c.h; path = GTMHTTPFetcher.h; sourceTree = "<group>"; };
		555988E312AE86C8002060FE /* GTMHTTPFetcher.m */ = {isa = PBXFileReference; fileEncoding = 4; lastKnownFileType = sourcecode.c.objc; path = GTMHTTPFetcher.m; sourceTree = "<group>"; };
		555988E412AE86C8002060FE /* GTMHTTPFetcherLogging.h */ = {isa = PBXFileReference; fileEncoding = 4; lastKnownFileType = sourcecode.c.h; path = GTMHTTPFetcherLogging.h; sourceTree = "<group>"; };
		555988E512AE86C8002060FE /* GTMHTTPFetcherLogging.m */ = {isa = PBXFileReference; fileEncoding = 4; lastKnownFileType = sourcecode.c.objc; path = GTMHTTPFetcherLogging.m; sourceTree = "<group>"; };
		555988E612AE86C8002060FE /* GTMHTTPFetcherService.h */ = {isa = PBXFileReference; fileEncoding = 4; lastKnownFileType = sourcecode.c.h; path = GTMHTTPFetcherService.h; sourceTree = "<group>"; };
		555988E712AE86C8002060FE /* GTMHTTPFetcherService.m */ = {isa = PBXFileReference; fileEncoding = 4; lastKnownFileType = sourcecode.c.objc; path = GTMHTTPFetcherService.m; sourceTree = "<group>"; };
		555988E812AE86C8002060FE /* GTMHTTPFetchHistory.h */ = {isa = PBXFileReference; fileEncoding = 4; lastKnownFileType = sourcecode.c.h; path = GTMHTTPFetchHistory.h; sourceTree = "<group>"; };
		555988E912AE86C8002060FE /* GTMHTTPFetchHistory.m */ = {isa = PBXFileReference; fileEncoding = 4; lastKnownFileType = sourcecode.c.objc; path = GTMHTTPFetchHistory.m; sourceTree = "<group>"; };
		555988EA12AE86C8002060FE /* GTMHTTPUploadFetcher.h */ = {isa = PBXFileReference; fileEncoding = 4; lastKnownFileType = sourcecode.c.h; path = GTMHTTPUploadFetcher.h; sourceTree = "<group>"; };
		555988EB12AE86C8002060FE /* GTMHTTPUploadFetcher.m */ = {isa = PBXFileReference; fileEncoding = 4; lastKnownFileType = sourcecode.c.objc; path = GTMHTTPUploadFetcher.m; sourceTree = "<group>"; };
		555988EC12AE86C8002060FE /* GTMMIMEDocument.h */ = {isa = PBXFileReference; fileEncoding = 4; lastKnownFileType = sourcecode.c.h; path = GTMMIMEDocument.h; sourceTree = "<group>"; };
		555988ED12AE86C8002060FE /* GTMMIMEDocument.m */ = {isa = PBXFileReference; fileEncoding = 4; lastKnownFileType = sourcecode.c.objc; path = GTMMIMEDocument.m; sourceTree = "<group>"; };
		5577F8B612AFA232006BBEA5 /* ProductViewController.h */ = {isa = PBXFileReference; fileEncoding = 4; lastKnownFileType = sourcecode.c.h; name = ProductViewController.h; path = Views/ProductViewController.h; sourceTree = SOURCE_ROOT; };
		5577F8B712AFA232006BBEA5 /* ProductViewController.m */ = {isa = PBXFileReference; fileEncoding = 4; lastKnownFileType = sourcecode.c.objc; name = ProductViewController.m; path = Views/ProductViewController.m; sourceTree = SOURCE_ROOT; };
		5577F8BA12B10512006BBEA5 /* City.h */ = {isa = PBXFileReference; lastKnownFileType = sourcecode.c.h; name = City.h; path = Models/City.h; sourceTree = "<group>"; };
		5577F8BB12B10512006BBEA5 /* City.m */ = {isa = PBXFileReference; lastKnownFileType = sourcecode.c.objc; name = City.m; path = Models/City.m; sourceTree = "<group>"; };
		5577F8BC12B10512006BBEA5 /* Category.h */ = {isa = PBXFileReference; lastKnownFileType = sourcecode.c.h; name = Category.h; path = Models/Category.h; sourceTree = "<group>"; };
		5577F8BD12B10512006BBEA5 /* Category.m */ = {isa = PBXFileReference; lastKnownFileType = sourcecode.c.objc; name = Category.m; path = Models/Category.m; sourceTree = "<group>"; };
		5577F8BE12B10512006BBEA5 /* ProductVariant.h */ = {isa = PBXFileReference; lastKnownFileType = sourcecode.c.h; name = ProductVariant.h; path = Models/ProductVariant.h; sourceTree = "<group>"; };
		5577F8BF12B10512006BBEA5 /* ProductVariant.m */ = {isa = PBXFileReference; lastKnownFileType = sourcecode.c.objc; name = ProductVariant.m; path = Models/ProductVariant.m; sourceTree = "<group>"; };
		5577F8C012B10512006BBEA5 /* Provider.h */ = {isa = PBXFileReference; lastKnownFileType = sourcecode.c.h; name = Provider.h; path = Models/Provider.h; sourceTree = "<group>"; };
		5577F8C112B10512006BBEA5 /* Provider.m */ = {isa = PBXFileReference; lastKnownFileType = sourcecode.c.objc; name = Provider.m; path = Models/Provider.m; sourceTree = "<group>"; };
		5577F8C212B10512006BBEA5 /* Product.h */ = {isa = PBXFileReference; lastKnownFileType = sourcecode.c.h; name = Product.h; path = Models/Product.h; sourceTree = "<group>"; };
		5577F8C312B10512006BBEA5 /* Product.m */ = {isa = PBXFileReference; lastKnownFileType = sourcecode.c.objc; name = Product.m; path = Models/Product.m; sourceTree = "<group>"; };
		5577F8C412B11283006BBEA5 /* TestDbImporter.h */ = {isa = PBXFileReference; fileEncoding = 4; lastKnownFileType = sourcecode.c.h; path = TestDbImporter.h; sourceTree = "<group>"; };
		5577F8C512B11283006BBEA5 /* TestDbImporter.m */ = {isa = PBXFileReference; fileEncoding = 4; lastKnownFileType = sourcecode.c.objc; path = TestDbImporter.m; sourceTree = "<group>"; };
		5588C7521291630800AE2ECE /* FoodEx.app */ = {isa = PBXFileReference; explicitFileType = wrapper.application; includeInIndex = 0; path = FoodEx.app; sourceTree = BUILT_PRODUCTS_DIR; };
		5588C7551291630800AE2ECE /* UIKit.framework */ = {isa = PBXFileReference; lastKnownFileType = wrapper.framework; name = UIKit.framework; path = System/Library/Frameworks/UIKit.framework; sourceTree = SDKROOT; };
		5588C7571291630800AE2ECE /* Foundation.framework */ = {isa = PBXFileReference; lastKnownFileType = wrapper.framework; name = Foundation.framework; path = System/Library/Frameworks/Foundation.framework; sourceTree = SDKROOT; };
		5588C7591291630800AE2ECE /* CoreGraphics.framework */ = {isa = PBXFileReference; lastKnownFileType = wrapper.framework; name = CoreGraphics.framework; path = System/Library/Frameworks/CoreGraphics.framework; sourceTree = SDKROOT; };
		5588C75B1291630800AE2ECE /* CoreData.framework */ = {isa = PBXFileReference; lastKnownFileType = wrapper.framework; name = CoreData.framework; path = System/Library/Frameworks/CoreData.framework; sourceTree = SDKROOT; };
		5588C75D1291630800AE2ECE /* FoodEx-Info.plist */ = {isa = PBXFileReference; lastKnownFileType = text.plist.xml; path = "FoodEx-Info.plist"; sourceTree = "<group>"; };
		5588C75E1291630800AE2ECE /* FoodEx-Prefix.pch */ = {isa = PBXFileReference; lastKnownFileType = sourcecode.c.h; path = "FoodEx-Prefix.pch"; sourceTree = "<group>"; };
		5588C7601291630800AE2ECE /* en */ = {isa = PBXFileReference; lastKnownFileType = text.plist.strings; name = en; path = en.lproj/InfoPlist.strings; sourceTree = "<group>"; };
		5588C7621291630800AE2ECE /* FoodEx-main.m */ = {isa = PBXFileReference; lastKnownFileType = sourcecode.c.objc; path = "FoodEx-main.m"; sourceTree = "<group>"; };
		5588C7641291630800AE2ECE /* FoodExAppDelegate.h */ = {isa = PBXFileReference; lastKnownFileType = sourcecode.c.h; path = FoodExAppDelegate.h; sourceTree = "<group>"; };
		5588C7651291630800AE2ECE /* FoodExAppDelegate.m */ = {isa = PBXFileReference; lastKnownFileType = sourcecode.c.objc; path = FoodExAppDelegate.m; sourceTree = "<group>"; };
		5588C7681291630800AE2ECE /* FoodEx.xcdatamodel */ = {isa = PBXFileReference; lastKnownFileType = wrapper.xcdatamodel; path = FoodEx.xcdatamodel; sourceTree = "<group>"; };
		5588C76B1291630800AE2ECE /* en */ = {isa = PBXFileReference; lastKnownFileType = file.xib; name = en; path = en.lproj/MainWindow_iPhone.xib; sourceTree = "<group>"; };
		5588C76E1291630800AE2ECE /* en */ = {isa = PBXFileReference; lastKnownFileType = file.xib; name = en; path = en.lproj/MainWindow_iPad.xib; sourceTree = "<group>"; };
		5588C7701291630800AE2ECE /* FoodExAppDelegate_iPhone.h */ = {isa = PBXFileReference; lastKnownFileType = sourcecode.c.h; path = FoodExAppDelegate_iPhone.h; sourceTree = "<group>"; };
		5588C7711291630800AE2ECE /* FoodExAppDelegate_iPhone.m */ = {isa = PBXFileReference; lastKnownFileType = sourcecode.c.objc; path = FoodExAppDelegate_iPhone.m; sourceTree = "<group>"; };
		5588C7731291630800AE2ECE /* FoodExAppDelegate_iPad.h */ = {isa = PBXFileReference; lastKnownFileType = sourcecode.c.h; path = FoodExAppDelegate_iPad.h; sourceTree = "<group>"; };
		5588C7741291630800AE2ECE /* FoodExAppDelegate_iPad.m */ = {isa = PBXFileReference; lastKnownFileType = sourcecode.c.objc; path = FoodExAppDelegate_iPad.m; sourceTree = "<group>"; };
		5588C77C1291630900AE2ECE /* FoodExTests.octest */ = {isa = PBXFileReference; explicitFileType = wrapper.cfbundle; includeInIndex = 0; path = FoodExTests.octest; sourceTree = BUILT_PRODUCTS_DIR; };
		5588C7801291630900AE2ECE /* FoodExTests-Info.plist */ = {isa = PBXFileReference; lastKnownFileType = text.plist.xml; path = "FoodExTests-Info.plist"; sourceTree = "<group>"; };
		5588C7811291630900AE2ECE /* FoodExTests-Prefix.pch */ = {isa = PBXFileReference; lastKnownFileType = sourcecode.c.h; path = "FoodExTests-Prefix.pch"; sourceTree = "<group>"; };
		5588C7821291630900AE2ECE /* InfoPlist.strings */ = {isa = PBXFileReference; lastKnownFileType = text.plist.strings; name = InfoPlist.strings; path = en.lproj/FoodExTests/InfoPlist.strings; sourceTree = "<group>"; };
		5588C7841291630900AE2ECE /* FoodExTests.h */ = {isa = PBXFileReference; lastKnownFileType = sourcecode.c.h; path = FoodExTests.h; sourceTree = "<group>"; };
		5588C7861291630900AE2ECE /* FoodExTests.m */ = {isa = PBXFileReference; lastKnownFileType = sourcecode.c.objc; path = FoodExTests.m; sourceTree = "<group>"; };
		5588C7941291641A00AE2ECE /* Default-Landscape.png */ = {isa = PBXFileReference; lastKnownFileType = image.png; path = "Default-Landscape.png"; sourceTree = "<group>"; };
		5588C7951291641A00AE2ECE /* Default-Portrait.png */ = {isa = PBXFileReference; lastKnownFileType = image.png; path = "Default-Portrait.png"; sourceTree = "<group>"; };
		5588C7961291641A00AE2ECE /* Default.png */ = {isa = PBXFileReference; lastKnownFileType = image.png; path = Default.png; sourceTree = "<group>"; };
		5588C7971291641A00AE2ECE /* Default@2x.png */ = {isa = PBXFileReference; lastKnownFileType = image.png; path = "Default@2x.png"; sourceTree = "<group>"; };
		5588C7981291641A00AE2ECE /* Icon-72.png */ = {isa = PBXFileReference; lastKnownFileType = image.png; path = "Icon-72.png"; sourceTree = "<group>"; };
		5588C7991291641A00AE2ECE /* Icon-Small-50.png */ = {isa = PBXFileReference; lastKnownFileType = image.png; path = "Icon-Small-50.png"; sourceTree = "<group>"; };
		5588C79A1291641A00AE2ECE /* Icon-Small.png */ = {isa = PBXFileReference; lastKnownFileType = image.png; path = "Icon-Small.png"; sourceTree = "<group>"; };
		5588C79B1291641A00AE2ECE /* Icon-Small@2x.png */ = {isa = PBXFileReference; lastKnownFileType = image.png; path = "Icon-Small@2x.png"; sourceTree = "<group>"; };
		5588C79C1291641A00AE2ECE /* Icon.png */ = {isa = PBXFileReference; lastKnownFileType = image.png; path = Icon.png; sourceTree = "<group>"; };
		5588C79D1291641A00AE2ECE /* Icon@2x.png */ = {isa = PBXFileReference; lastKnownFileType = image.png; path = "Icon@2x.png"; sourceTree = "<group>"; };
		55A0D36012B80B040038C710 /* UIImage+TKAdditions.h */ = {isa = PBXFileReference; fileEncoding = 4; lastKnownFileType = sourcecode.c.h; path = "UIImage+TKAdditions.h"; sourceTree = "<group>"; };
		55A0D36112B80B040038C710 /* UIImage+TKAdditions.m */ = {isa = PBXFileReference; fileEncoding = 4; lastKnownFileType = sourcecode.c.objc; path = "UIImage+TKAdditions.m"; sourceTree = "<group>"; };
		55A0D36412B820730038C710 /* MBProgressHUD.h */ = {isa = PBXFileReference; fileEncoding = 4; lastKnownFileType = sourcecode.c.h; path = MBProgressHUD.h; sourceTree = "<group>"; };
		55A0D36512B820730038C710 /* MBProgressHUD.m */ = {isa = PBXFileReference; fileEncoding = 4; lastKnownFileType = sourcecode.c.objc; path = MBProgressHUD.m; sourceTree = "<group>"; };
		55AB55341299994900E06192 /* FoodExApi.h */ = {isa = PBXFileReference; fileEncoding = 4; lastKnownFileType = sourcecode.c.h; path = FoodExApi.h; sourceTree = "<group>"; };
		55AB55351299994900E06192 /* FoodExApi.m */ = {isa = PBXFileReference; fileEncoding = 4; lastKnownFileType = sourcecode.c.objc; path = FoodExApi.m; sourceTree = "<group>"; };
		55C3EBE012AEF04900876B70 /* ImageCache.m */ = {isa = PBXFileReference; fileEncoding = 4; lastKnownFileType = sourcecode.c.objc; path = ImageCache.m; sourceTree = "<group>"; };
		55C3EBE112AEF04900876B70 /* ImageCache.h */ = {isa = PBXFileReference; fileEncoding = 4; lastKnownFileType = sourcecode.c.h; path = ImageCache.h; sourceTree = "<group>"; };
/* End PBXFileReference section */

/* Begin PBXFrameworksBuildPhase section */
		5588C74F1291630800AE2ECE /* Frameworks */ = {
			isa = PBXFrameworksBuildPhase;
			buildActionMask = 2147483647;
			files = (
				5588C7561291630800AE2ECE /* UIKit.framework in Frameworks */,
				5588C7581291630800AE2ECE /* Foundation.framework in Frameworks */,
				5588C75A1291630800AE2ECE /* CoreGraphics.framework in Frameworks */,
				5588C75C1291630800AE2ECE /* CoreData.framework in Frameworks */,
			);
			runOnlyForDeploymentPostprocessing = 0;
		};
		5588C7781291630800AE2ECE /* Frameworks */ = {
			isa = PBXFrameworksBuildPhase;
			buildActionMask = 2147483647;
			files = (
				5588C77D1291630900AE2ECE /* UIKit.framework in Frameworks */,
				5588C77E1291630900AE2ECE /* Foundation.framework in Frameworks */,
				5588C77F1291630900AE2ECE /* CoreGraphics.framework in Frameworks */,
			);
			runOnlyForDeploymentPostprocessing = 0;
		};
/* End PBXFrameworksBuildPhase section */

/* Begin PBXGroup section */
		55070C0512AED8240071FF22 /* Views */ = {
			isa = PBXGroup;
			children = (
				55070C0112AED81E0071FF22 /* CitiesTableViewController.h */,
				55070C0212AED81E0071FF22 /* CitiesTableViewController.m */,
				550AA14112AEE33F00B70E89 /* ProvidersTableViewController.h */,
				550AA14212AEE33F00B70E89 /* ProvidersTableViewController.m */,
				550AA14412AEE68400B70E89 /* ProductsTableViewController.h */,
				550AA14512AEE68400B70E89 /* ProductsTableViewController.m */,
				5577F8B612AFA232006BBEA5 /* ProductViewController.h */,
				5577F8B712AFA232006BBEA5 /* ProductViewController.m */,
			);
			name = Views;
			path = Classes;
			sourceTree = "<group>";
		};
		5559887B12AE7058002060FE /* JSON */ = {
			isa = PBXGroup;
			children = (
				5559887C12AE7058002060FE /* JSON.h */,
				5559887D12AE7058002060FE /* NSObject+SBJSON.h */,
				5559887E12AE7058002060FE /* NSObject+SBJSON.m */,
				5559887F12AE7058002060FE /* NSString+SBJSON.h */,
				5559888012AE7058002060FE /* NSString+SBJSON.m */,
				5559888112AE7058002060FE /* SBJsonBase.h */,
				5559888212AE7058002060FE /* SBJsonBase.m */,
				5559888312AE7058002060FE /* SBJsonParser.h */,
				5559888412AE7058002060FE /* SBJsonParser.m */,
				5559888512AE7058002060FE /* SBJsonWriter.h */,
				5559888612AE7058002060FE /* SBJsonWriter.m */,
			);
			path = JSON;
			sourceTree = "<group>";
		};
		5559889F12AE818B002060FE /* NSObject-AssociatedObjects */ = {
			isa = PBXGroup;
			children = (
				555988C512AE818B002060FE /* NSObject+AssociatedObjects.h */,
				555988C612AE818B002060FE /* NSObject+AssociatedObjects.m */,
			);
			path = "NSObject-AssociatedObjects";
			sourceTree = "<group>";
		};
		555988DE12AE8192002060FE /* Library */ = {
			isa = PBXGroup;
			children = (
				55A0D36312B820730038C710 /* MBProgressHUD */,
				555988DF12AE86C8002060FE /* gtm-http-fetcher */,
				5559887B12AE7058002060FE /* JSON */,
				5559889F12AE818B002060FE /* NSObject-AssociatedObjects */,
			);
			name = Library;
			sourceTree = "<group>";
		};
		555988DF12AE86C8002060FE /* gtm-http-fetcher */ = {
			isa = PBXGroup;
			children = (
				555988E012AE86C8002060FE /* GTMGatherInputStream.h */,
				555988E112AE86C8002060FE /* GTMGatherInputStream.m */,
				555988E212AE86C8002060FE /* GTMHTTPFetcher.h */,
				555988E312AE86C8002060FE /* GTMHTTPFetcher.m */,
				555988E412AE86C8002060FE /* GTMHTTPFetcherLogging.h */,
				555988E512AE86C8002060FE /* GTMHTTPFetcherLogging.m */,
				555988E612AE86C8002060FE /* GTMHTTPFetcherService.h */,
				555988E712AE86C8002060FE /* GTMHTTPFetcherService.m */,
				555988E812AE86C8002060FE /* GTMHTTPFetchHistory.h */,
				555988E912AE86C8002060FE /* GTMHTTPFetchHistory.m */,
				555988EA12AE86C8002060FE /* GTMHTTPUploadFetcher.h */,
				555988EB12AE86C8002060FE /* GTMHTTPUploadFetcher.m */,
				555988EC12AE86C8002060FE /* GTMMIMEDocument.h */,
				555988ED12AE86C8002060FE /* GTMMIMEDocument.m */,
			);
			path = "gtm-http-fetcher";
			sourceTree = "<group>";
		};
		5588C7411291630800AE2ECE = {
			isa = PBXGroup;
			children = (
				555988DE12AE8192002060FE /* Library */,
				5588C7481291630800AE2ECE /* iPhone */,
				5588C7491291630800AE2ECE /* iPad */,
				55070C0512AED8240071FF22 /* Views */,
				5588C74A1291630800AE2ECE /* Classes */,
				5588C74B1291630800AE2ECE /* Other Sources */,
				5588C74C1291630800AE2ECE /* Resources */,
				5588C74D1291630800AE2ECE /* Frameworks */,
				5588C7531291630800AE2ECE /* Products */,
				5588C7671291630800AE2ECE /* Models */,
				5588C7761291630800AE2ECE /* Tests */,
			);
			sourceTree = "<group>";
		};
		5588C7481291630800AE2ECE /* iPhone */ = {
			isa = PBXGroup;
			children = (
				5588C76A1291630800AE2ECE /* MainWindow_iPhone.xib */,
				5588C7701291630800AE2ECE /* FoodExAppDelegate_iPhone.h */,
				5588C7711291630800AE2ECE /* FoodExAppDelegate_iPhone.m */,
			);
			path = iPhone;
			sourceTree = "<group>";
		};
		5588C7491291630800AE2ECE /* iPad */ = {
			isa = PBXGroup;
			children = (
				5588C76D1291630800AE2ECE /* MainWindow_iPad.xib */,
				5588C7731291630800AE2ECE /* FoodExAppDelegate_iPad.h */,
				5588C7741291630800AE2ECE /* FoodExAppDelegate_iPad.m */,
			);
			path = iPad;
			sourceTree = "<group>";
		};
		5588C74A1291630800AE2ECE /* Classes */ = {
			isa = PBXGroup;
			children = (
				55A0D36012B80B040038C710 /* UIImage+TKAdditions.h */,
				55A0D36112B80B040038C710 /* UIImage+TKAdditions.m */,
				5588C7641291630800AE2ECE /* FoodExAppDelegate.h */,
				5588C7651291630800AE2ECE /* FoodExAppDelegate.m */,
				5559889612AE72B5002060FE /* SynthesizeSingleton.h */,
				55C3EBE112AEF04900876B70 /* ImageCache.h */,
				55C3EBE012AEF04900876B70 /* ImageCache.m */,
				55AB55341299994900E06192 /* FoodExApi.h */,
				55AB55351299994900E06192 /* FoodExApi.m */,
			);
			path = Classes;
			sourceTree = "<group>";
		};
		5588C74B1291630800AE2ECE /* Other Sources */ = {
			isa = PBXGroup;
			children = (
				5588C75E1291630800AE2ECE /* FoodEx-Prefix.pch */,
				5588C7621291630800AE2ECE /* FoodEx-main.m */,
				5588C7811291630900AE2ECE /* FoodExTests-Prefix.pch */,
			);
			name = "Other Sources";
			sourceTree = "<group>";
		};
		5588C74C1291630800AE2ECE /* Resources */ = {
			isa = PBXGroup;
			children = (
				5588C7941291641A00AE2ECE /* Default-Landscape.png */,
				5588C7951291641A00AE2ECE /* Default-Portrait.png */,
				5588C7961291641A00AE2ECE /* Default.png */,
				5588C7971291641A00AE2ECE /* Default@2x.png */,
				5588C7981291641A00AE2ECE /* Icon-72.png */,
				5588C7991291641A00AE2ECE /* Icon-Small-50.png */,
				5588C79A1291641A00AE2ECE /* Icon-Small.png */,
				5588C79B1291641A00AE2ECE /* Icon-Small@2x.png */,
				5588C79C1291641A00AE2ECE /* Icon.png */,
				5588C79D1291641A00AE2ECE /* Icon@2x.png */,
				5588C75D1291630800AE2ECE /* FoodEx-Info.plist */,
				5588C75F1291630800AE2ECE /* InfoPlist.strings */,
				5588C7801291630900AE2ECE /* FoodExTests-Info.plist */,
				5588C7821291630900AE2ECE /* InfoPlist.strings */,
			);
			name = Resources;
			sourceTree = "<group>";
		};
		5588C74D1291630800AE2ECE /* Frameworks */ = {
			isa = PBXGroup;
			children = (
				5588C7551291630800AE2ECE /* UIKit.framework */,
				5588C7571291630800AE2ECE /* Foundation.framework */,
				5588C7591291630800AE2ECE /* CoreGraphics.framework */,
				5588C75B1291630800AE2ECE /* CoreData.framework */,
			);
			name = Frameworks;
			sourceTree = "<group>";
		};
		5588C7531291630800AE2ECE /* Products */ = {
			isa = PBXGroup;
			children = (
				5588C7521291630800AE2ECE /* FoodEx.app */,
				5588C77C1291630900AE2ECE /* FoodExTests.octest */,
			);
			name = Products;
			sourceTree = "<group>";
		};
		5588C7671291630800AE2ECE /* Models */ = {
			isa = PBXGroup;
			children = (
				5588C7681291630800AE2ECE /* FoodEx.xcdatamodel */,
				5577F8C212B10512006BBEA5 /* Product.h */,
				5577F8C312B10512006BBEA5 /* Product.m */,
				5577F8C012B10512006BBEA5 /* Provider.h */,
				5577F8C112B10512006BBEA5 /* Provider.m */,
				5577F8BE12B10512006BBEA5 /* ProductVariant.h */,
				5577F8BF12B10512006BBEA5 /* ProductVariant.m */,
				5577F8BC12B10512006BBEA5 /* Category.h */,
				5577F8BD12B10512006BBEA5 /* Category.m */,
				5577F8BA12B10512006BBEA5 /* City.h */,
				5577F8BB12B10512006BBEA5 /* City.m */,
			);
			name = Models;
			sourceTree = "<group>";
		};
		5588C7761291630800AE2ECE /* Tests */ = {
			isa = PBXGroup;
			children = (
				5588C7841291630900AE2ECE /* FoodExTests.h */,
				5588C7861291630900AE2ECE /* FoodExTests.m */,
				5577F8C412B11283006BBEA5 /* TestDbImporter.h */,
				5577F8C512B11283006BBEA5 /* TestDbImporter.m */,
			);
			path = Tests;
			sourceTree = "<group>";
		};
		55A0D36312B820730038C710 /* MBProgressHUD */ = {
			isa = PBXGroup;
			children = (
				55A0D36412B820730038C710 /* MBProgressHUD.h */,
				55A0D36512B820730038C710 /* MBProgressHUD.m */,
			);
			path = MBProgressHUD;
			sourceTree = "<group>";
		};
/* End PBXGroup section */

/* Begin PBXNativeTarget section */
		5588C7511291630800AE2ECE /* FoodEx */ = {
			isa = PBXNativeTarget;
			buildConfigurationList = 5588C78C1291630900AE2ECE /* Build configuration list for PBXNativeTarget "FoodEx" */;
			buildPhases = (
				5588C74E1291630800AE2ECE /* Sources */,
				5588C74F1291630800AE2ECE /* Frameworks */,
				5588C7501291630800AE2ECE /* Resources */,
			);
			buildRules = (
			);
			dependencies = (
			);
			name = FoodEx;
			productName = FoodEx;
			productReference = 5588C7521291630800AE2ECE /* FoodEx.app */;
			productType = "com.apple.product-type.application";
		};
		5588C77B1291630800AE2ECE /* FoodExTests */ = {
			isa = PBXNativeTarget;
			buildConfigurationList = 5588C78F1291630900AE2ECE /* Build configuration list for PBXNativeTarget "FoodExTests" */;
			buildPhases = (
				5588C7771291630800AE2ECE /* Sources */,
				5588C7781291630800AE2ECE /* Frameworks */,
				5588C7791291630800AE2ECE /* Resources */,
				5588C77A1291630800AE2ECE /* ShellScript */,
			);
			buildRules = (
			);
			dependencies = (
			);
			name = FoodExTests;
			productName = FoodExTests;
			productReference = 5588C77C1291630900AE2ECE /* FoodExTests.octest */;
			productType = "com.apple.product-type.bundle";
		};
/* End PBXNativeTarget section */

/* Begin PBXProject section */
		5588C7431291630800AE2ECE /* Project object */ = {
			isa = PBXProject;
			attributes = {
				ORGANIZATIONNAME = Ciklum;
			};
			buildConfigurationList = 5588C7461291630800AE2ECE /* Build configuration list for PBXProject "FoodEx" */;
			compatibilityVersion = "Xcode 3.2";
			developmentRegion = English;
			hasScannedForEncodings = 0;
			knownRegions = (
				en,
			);
			mainGroup = 5588C7411291630800AE2ECE;
			productRefGroup = 5588C7531291630800AE2ECE /* Products */;
			projectDirPath = "";
			projectRoot = "";
			targets = (
				5588C7511291630800AE2ECE /* FoodEx */,
				5588C77B1291630800AE2ECE /* FoodExTests */,
			);
		};
/* End PBXProject section */

/* Begin PBXResourcesBuildPhase section */
		5588C7501291630800AE2ECE /* Resources */ = {
			isa = PBXResourcesBuildPhase;
			buildActionMask = 2147483647;
			files = (
				5588C7611291630800AE2ECE /* InfoPlist.strings in Resources */,
				5588C76C1291630800AE2ECE /* MainWindow_iPhone.xib in Resources */,
				5588C76F1291630800AE2ECE /* MainWindow_iPad.xib in Resources */,
				5588C79E1291641A00AE2ECE /* Default-Landscape.png in Resources */,
				5588C79F1291641A00AE2ECE /* Default-Portrait.png in Resources */,
				5588C7A01291641A00AE2ECE /* Default.png in Resources */,
				5588C7A11291641A00AE2ECE /* Default@2x.png in Resources */,
				5588C7A21291641A00AE2ECE /* Icon-72.png in Resources */,
				5588C7A31291641A00AE2ECE /* Icon-Small-50.png in Resources */,
				5588C7A41291641A00AE2ECE /* Icon-Small.png in Resources */,
				5588C7A51291641A00AE2ECE /* Icon-Small@2x.png in Resources */,
				5588C7A61291641A00AE2ECE /* Icon.png in Resources */,
				5588C7A71291641A00AE2ECE /* Icon@2x.png in Resources */,
			);
			runOnlyForDeploymentPostprocessing = 0;
		};
		5588C7791291630800AE2ECE /* Resources */ = {
			isa = PBXResourcesBuildPhase;
			buildActionMask = 2147483647;
			files = (
				5577F8CF12B11D52006BBEA5 /* TestDbImporter.h in Resources */,
				5588C7831291630900AE2ECE /* InfoPlist.strings in Resources */,
				5588C7851291630900AE2ECE /* FoodExTests.h in Resources */,
			);
			runOnlyForDeploymentPostprocessing = 0;
		};
/* End PBXResourcesBuildPhase section */

/* Begin PBXShellScriptBuildPhase section */
		5588C77A1291630800AE2ECE /* ShellScript */ = {
			isa = PBXShellScriptBuildPhase;
			buildActionMask = 2147483647;
			files = (
			);
			inputPaths = (
			);
			outputPaths = (
			);
			runOnlyForDeploymentPostprocessing = 0;
			shellPath = /bin/sh;
			shellScript = "# Run the unit tests in this test bundle.\n\"${SYSTEM_DEVELOPER_DIR}/Tools/RunUnitTests\"\n";
		};
/* End PBXShellScriptBuildPhase section */

/* Begin PBXSourcesBuildPhase section */
		5588C74E1291630800AE2ECE /* Sources */ = {
			isa = PBXSourcesBuildPhase;
			buildActionMask = 2147483647;
			files = (
				5588C7631291630800AE2ECE /* FoodEx-main.m in Sources */,
				5588C7661291630800AE2ECE /* FoodExAppDelegate.m in Sources */,
				5588C7691291630800AE2ECE /* FoodEx.xcdatamodel in Sources */,
				5588C7721291630800AE2ECE /* FoodExAppDelegate_iPhone.m in Sources */,
				5588C7751291630800AE2ECE /* FoodExAppDelegate_iPad.m in Sources */,
				55AB55361299994900E06192 /* FoodExApi.m in Sources */,
				5559888712AE7058002060FE /* NSObject+SBJSON.m in Sources */,
				5559888812AE7058002060FE /* NSString+SBJSON.m in Sources */,
				5559888912AE7058002060FE /* SBJsonBase.m in Sources */,
				5559888A12AE7058002060FE /* SBJsonParser.m in Sources */,
				5559888B12AE7058002060FE /* SBJsonWriter.m in Sources */,
				555988DD12AE818B002060FE /* NSObject+AssociatedObjects.m in Sources */,
				555988EE12AE86C8002060FE /* GTMGatherInputStream.m in Sources */,
				555988EF12AE86C8002060FE /* GTMHTTPFetcher.m in Sources */,
				555988F012AE86C8002060FE /* GTMHTTPFetcherLogging.m in Sources */,
				555988F112AE86C8002060FE /* GTMHTTPFetcherService.m in Sources */,
				555988F212AE86C8002060FE /* GTMHTTPFetchHistory.m in Sources */,
				555988F312AE86C8002060FE /* GTMHTTPUploadFetcher.m in Sources */,
				555988F412AE86C8002060FE /* GTMMIMEDocument.m in Sources */,
				55070C0312AED81E0071FF22 /* CitiesTableViewController.m in Sources */,
				550AA14312AEE33F00B70E89 /* ProvidersTableViewController.m in Sources */,
				550AA14612AEE68400B70E89 /* ProductsTableViewController.m in Sources */,
				55C3EBE212AEF04900876B70 /* ImageCache.m in Sources */,
				5577F8B812AFA232006BBEA5 /* ProductViewController.m in Sources */,
				55A0D36212B80B040038C710 /* UIImage+TKAdditions.m in Sources */,
				55A0D36612B820730038C710 /* MBProgressHUD.m in Sources */,
			);
			runOnlyForDeploymentPostprocessing = 0;
		};
		5588C7771291630800AE2ECE /* Sources */ = {
			isa = PBXSourcesBuildPhase;
			buildActionMask = 2147483647;
			files = (
				5588C7871291630900AE2ECE /* FoodExTests.m in Sources */,
				55AB55371299994900E06192 /* FoodExApi.m in Sources */,
				5577F8C712B11C5B006BBEA5 /* GTMHTTPFetcher.m in Sources */,
				5577F8C812B11C62006BBEA5 /* GTMGatherInputStream.m in Sources */,
				5577F8C912B11C67006BBEA5 /* GTMHTTPFetcherLogging.m in Sources */,
				5577F8CA12B11C69006BBEA5 /* GTMHTTPFetcherService.m in Sources */,
				5577F8CB12B11C6C006BBEA5 /* GTMHTTPFetchHistory.m in Sources */,
				5577F8CC12B11C81006BBEA5 /* GTMHTTPUploadFetcher.m in Sources */,
				5577F8CD12B11C84006BBEA5 /* GTMMIMEDocument.m in Sources */,
				5577F8CE12B11CE1006BBEA5 /* TestDbImporter.m in Sources */,
			);
			runOnlyForDeploymentPostprocessing = 0;
		};
/* End PBXSourcesBuildPhase section */

/* Begin PBXVariantGroup section */
		5588C75F1291630800AE2ECE /* InfoPlist.strings */ = {
			isa = PBXVariantGroup;
			children = (
				5588C7601291630800AE2ECE /* en */,
			);
			name = InfoPlist.strings;
			sourceTree = "<group>";
		};
		5588C76A1291630800AE2ECE /* MainWindow_iPhone.xib */ = {
			isa = PBXVariantGroup;
			children = (
				5588C76B1291630800AE2ECE /* en */,
			);
			name = MainWindow_iPhone.xib;
			sourceTree = "<group>";
		};
		5588C76D1291630800AE2ECE /* MainWindow_iPad.xib */ = {
			isa = PBXVariantGroup;
			children = (
				5588C76E1291630800AE2ECE /* en */,
			);
			name = MainWindow_iPad.xib;
			sourceTree = "<group>";
		};
/* End PBXVariantGroup section */

/* Begin XCBuildConfiguration section */
		5588C7881291630900AE2ECE /* Debug */ = {
			isa = XCBuildConfiguration;
			buildSettings = {
				ARCHS = "$(ARCHS_STANDARD_32_BIT)";
				"CODE_SIGN_IDENTITY[sdk=iphoneos*]" = "iPhone Developer";
				GCC_C_LANGUAGE_STANDARD = gnu99;
				GCC_OPTIMIZATION_LEVEL = 0;
				GCC_PREPROCESSOR_DEFINITIONS = DEBUG;
				GCC_TREAT_IMPLICIT_FUNCTION_DECLARATIONS_AS_ERRORS = YES;
				GCC_TREAT_WARNINGS_AS_ERRORS = YES;
				GCC_VERSION = com.apple.compilers.llvm.clang.1_0;
				GCC_WARN_ABOUT_RETURN_TYPE = YES;
				GCC_WARN_UNUSED_VARIABLE = YES;
				IPHONEOS_DEPLOYMENT_TARGET = 4.1;
				PREBINDING = NO;
				SDKROOT = iphoneos;
				TARGETED_DEVICE_FAMILY = "1,2";
			};
			name = Debug;
		};
		5588C7891291630900AE2ECE /* Release */ = {
			isa = XCBuildConfiguration;
			buildSettings = {
				ARCHS = "$(ARCHS_STANDARD_32_BIT)";
				"CODE_SIGN_IDENTITY[sdk=iphoneos*]" = "iPhone Developer";
				GCC_C_LANGUAGE_STANDARD = gnu99;
				GCC_TREAT_IMPLICIT_FUNCTION_DECLARATIONS_AS_ERRORS = YES;
				GCC_TREAT_WARNINGS_AS_ERRORS = YES;
				GCC_VERSION = com.apple.compilers.llvm.clang.1_0;
				GCC_WARN_ABOUT_RETURN_TYPE = YES;
				GCC_WARN_UNUSED_VARIABLE = YES;
				IPHONEOS_DEPLOYMENT_TARGET = 4.1;
				OTHER_CFLAGS = "-DNS_BLOCK_ASSERTIONS=1";
				PREBINDING = NO;
				SDKROOT = iphoneos;
				TARGETED_DEVICE_FAMILY = "1,2";
			};
			name = Release;
		};
		5588C78A1291630900AE2ECE /* Debug */ = {
			isa = XCBuildConfiguration;
			buildSettings = {
			};
			name = Debug;
		};
		5588C78B1291630900AE2ECE /* Release */ = {
			isa = XCBuildConfiguration;
			buildSettings = {
			};
			name = Release;
		};
		5588C78D1291630900AE2ECE /* Debug */ = {
			isa = XCBuildConfiguration;
			buildSettings = {
				ALWAYS_SEARCH_USER_PATHS = NO;
				COPY_PHASE_STRIP = NO;
				GCC_DYNAMIC_NO_PIC = NO;
				GCC_PRECOMPILE_PREFIX_HEADER = YES;
				GCC_PREFIX_HEADER = "FoodEx-Prefix.pch";
				INFOPLIST_FILE = "FoodEx-Info.plist";
				PRODUCT_NAME = "$(TARGET_NAME)";
				WRAPPER_EXTENSION = app;
			};
			name = Debug;
		};
		5588C78E1291630900AE2ECE /* Release */ = {
			isa = XCBuildConfiguration;
			buildSettings = {
				ALWAYS_SEARCH_USER_PATHS = NO;
				COPY_PHASE_STRIP = YES;
				GCC_PRECOMPILE_PREFIX_HEADER = YES;
				GCC_PREFIX_HEADER = "FoodEx-Prefix.pch";
				INFOPLIST_FILE = "FoodEx-Info.plist";
				PRODUCT_NAME = "$(TARGET_NAME)";
				VALIDATE_PRODUCT = YES;
				WRAPPER_EXTENSION = app;
			};
			name = Release;
		};
		5588C7901291630900AE2ECE /* Debug */ = {
			isa = XCBuildConfiguration;
			buildSettings = {
				ALWAYS_SEARCH_USER_PATHS = NO;
				FRAMEWORK_SEARCH_PATHS = (
					"$(SDKROOT)/Developer/Library/Frameworks",
					"$(DEVELOPER_LIBRARY_DIR)/Frameworks",
				);
				GCC_PRECOMPILE_PREFIX_HEADER = YES;
				GCC_PREFIX_HEADER = "FoodExTests-Prefix.pch";
				INFOPLIST_FILE = "FoodExTests-Info.plist";
				IPHONEOS_DEPLOYMENT_TARGET = 4.2;
				OTHER_LDFLAGS = (
					"-framework",
					SenTestingKit,
				);
				PRODUCT_NAME = "$(TARGET_NAME)";
				WRAPPER_EXTENSION = octest;
			};
			name = Debug;
		};
		5588C7911291630900AE2ECE /* Release */ = {
			isa = XCBuildConfiguration;
			buildSettings = {
				ALWAYS_SEARCH_USER_PATHS = NO;
				FRAMEWORK_SEARCH_PATHS = (
					"$(SDKROOT)/Developer/Library/Frameworks",
					"$(DEVELOPER_LIBRARY_DIR)/Frameworks",
				);
				GCC_PRECOMPILE_PREFIX_HEADER = YES;
				GCC_PREFIX_HEADER = "FoodExTests-Prefix.pch";
				INFOPLIST_FILE = "FoodExTests-Info.plist";
				IPHONEOS_DEPLOYMENT_TARGET = 4.2;
				OTHER_LDFLAGS = (
					"-framework",
					SenTestingKit,
				);
				PRODUCT_NAME = "$(TARGET_NAME)";
				WRAPPER_EXTENSION = octest;
			};
			name = Release;
		};
		5588C7921291630900AE2ECE /* Debug */ = {
			isa = XCBuildConfiguration;
			buildSettings = {
				COPY_PHASE_STRIP = NO;
				GCC_DYNAMIC_NO_PIC = NO;
				GCC_OPTIMIZATION_LEVEL = 0;
				PRODUCT_NAME = FoodExTests;
			};
			name = Debug;
		};
		5588C7931291630900AE2ECE /* Release */ = {
			isa = XCBuildConfiguration;
			buildSettings = {
				COPY_PHASE_STRIP = YES;
				DEBUG_INFORMATION_FORMAT = "dwarf-with-dsym";
				PRODUCT_NAME = FoodExTests;
			};
			name = Release;
		};
/* End XCBuildConfiguration section */

/* Begin XCConfigurationList section */
		5588C7461291630800AE2ECE /* Build configuration list for PBXProject "FoodEx" */ = {
			isa = XCConfigurationList;
			buildConfigurations = (
				5588C7881291630900AE2ECE /* Debug */,
				5588C7891291630900AE2ECE /* Release */,
				5588C78A1291630900AE2ECE /* Debug */,
				5588C78B1291630900AE2ECE /* Release */,
			);
			defaultConfigurationIsVisible = 0;
			defaultConfigurationName = Release;
		};
		5588C78C1291630900AE2ECE /* Build configuration list for PBXNativeTarget "FoodEx" */ = {
			isa = XCConfigurationList;
			buildConfigurations = (
				5588C78D1291630900AE2ECE /* Debug */,
				5588C78E1291630900AE2ECE /* Release */,
			);
			defaultConfigurationIsVisible = 0;
			defaultConfigurationName = Release;
		};
		5588C78F1291630900AE2ECE /* Build configuration list for PBXNativeTarget "FoodExTests" */ = {
			isa = XCConfigurationList;
			buildConfigurations = (
				5588C7901291630900AE2ECE /* Debug */,
				5588C7911291630900AE2ECE /* Release */,
				5588C7921291630900AE2ECE /* Debug */,
				5588C7931291630900AE2ECE /* Release */,
			);
			defaultConfigurationIsVisible = 0;
			defaultConfigurationName = Release;
		};
/* End XCConfigurationList section */
	};
	rootObject = 5588C7431291630800AE2ECE /* Project object */;
}
