// !$*UTF8*$!
{
	archiveVersion = 1;
	classes = {
	};
	objectVersion = 46;
	objects = {

/* Begin PBXBuildFile section */
		55A0D37912B828CF0038C710 /* Foundation.framework in Frameworks */ = {isa = PBXBuildFile; fileRef = 55A0D37812B828CF0038C710 /* Foundation.framework */; };
		55A0D37C12B828CF0038C710 /* main.m in Sources */ = {isa = PBXBuildFile; fileRef = 55A0D37B12B828CF0038C710 /* main.m */; };
		55A0D38612B82F170038C710 /* Parser.m in Sources */ = {isa = PBXBuildFile; fileRef = 55A0D38512B82F170038C710 /* Parser.m */; };
/* End PBXBuildFile section */

/* Begin PBXCopyFilesBuildPhase section */
		55A0D37212B828CF0038C710 /* CopyFiles */ = {
			isa = PBXCopyFilesBuildPhase;
			buildActionMask = 2147483647;
			dstPath = /usr/share/man/man1/;
			dstSubfolderSpec = 0;
			files = (
			);
			runOnlyForDeploymentPostprocessing = 1;
		};
/* End PBXCopyFilesBuildPhase section */

/* Begin PBXFileReference section */
		55A0D37412B828CF0038C710 /* pbxproj-recode */ = {isa = PBXFileReference; explicitFileType = "compiled.mach-o.executable"; includeInIndex = 0; path = "pbxproj-recode"; sourceTree = BUILT_PRODUCTS_DIR; };
		55A0D37812B828CF0038C710 /* Foundation.framework */ = {isa = PBXFileReference; lastKnownFileType = wrapper.framework; name = Foundation.framework; path = System/Library/Frameworks/Foundation.framework; sourceTree = SDKROOT; };
		55A0D37A12B828CF0038C710 /* pbxproj_recode.1 */ = {isa = PBXFileReference; lastKnownFileType = text.man; path = pbxproj_recode.1; sourceTree = "<group>"; };
		55A0D37B12B828CF0038C710 /* main.m */ = {isa = PBXFileReference; lastKnownFileType = sourcecode.c.objc; path = main.m; sourceTree = "<group>"; };
		55A0D37E12B828CF0038C710 /* pbxproj_recode-Prefix.pch */ = {isa = PBXFileReference; lastKnownFileType = sourcecode.c.h; path = "pbxproj_recode-Prefix.pch"; sourceTree = "<group>"; };
		55A0D38412B82F170038C710 /* Parser.h */ = {isa = PBXFileReference; fileEncoding = 4; lastKnownFileType = sourcecode.c.h; path = Parser.h; sourceTree = "<group>"; };
		55A0D38512B82F170038C710 /* Parser.m */ = {isa = PBXFileReference; fileEncoding = 4; lastKnownFileType = sourcecode.c.objc; path = Parser.m; sourceTree = "<group>"; };
/* End PBXFileReference section */

/* Begin PBXFrameworksBuildPhase section */
		55A0D37112B828CF0038C710 /* Frameworks */ = {
			isa = PBXFrameworksBuildPhase;
			buildActionMask = 2147483647;
			files = (
				55A0D37912B828CF0038C710 /* Foundation.framework in Frameworks */,
			);
			runOnlyForDeploymentPostprocessing = 0;
		};
/* End PBXFrameworksBuildPhase section */

/* Begin PBXGroup section */
		55A0D36712B828CE0038C710 = {
			isa = PBXGroup;
			children = (
				55A0D36E12B828CF0038C710 /* Source */,
				55A0D36F12B828CF0038C710 /* Documentation */,
				55A0D37512B828CF0038C710 /* Products */,
				55A0D37712B828CF0038C710 /* Frameworks */,
				55A0D37D12B828CF0038C710 /* Other Sources */,
			);
			sourceTree = "<group>";
		};
		55A0D36E12B828CF0038C710 /* Source */ = {
			isa = PBXGroup;
			children = (
				55A0D37B12B828CF0038C710 /* main.m */,
				55A0D38412B82F170038C710 /* Parser.h */,
				55A0D38512B82F170038C710 /* Parser.m */,
			);
			path = Source;
			sourceTree = "<group>";
		};
		55A0D36F12B828CF0038C710 /* Documentation */ = {
			isa = PBXGroup;
			children = (
				55A0D37A12B828CF0038C710 /* pbxproj_recode.1 */,
			);
			name = Documentation;
			sourceTree = "<group>";
		};
		55A0D37512B828CF0038C710 /* Products */ = {
			isa = PBXGroup;
			children = (
				55A0D37412B828CF0038C710 /* pbxproj-recode */,
			);
			name = Products;
			sourceTree = "<group>";
		};
		55A0D37712B828CF0038C710 /* Frameworks */ = {
			isa = PBXGroup;
			children = (
				55A0D37812B828CF0038C710 /* Foundation.framework */,
			);
			name = Frameworks;
			sourceTree = "<group>";
		};
		55A0D37D12B828CF0038C710 /* Other Sources */ = {
			isa = PBXGroup;
			children = (
				55A0D37E12B828CF0038C710 /* pbxproj_recode-Prefix.pch */,
			);
			name = "Other Sources";
			sourceTree = "<group>";
		};
/* End PBXGroup section */

/* Begin PBXNativeTarget section */
		55A0D37312B828CF0038C710 /* pbxproj-recode */ = {
			isa = PBXNativeTarget;
			buildConfigurationList = 55A0D38112B828CF0038C710 /* Build configuration list for PBXNativeTarget "pbxproj-recode" */;
			buildPhases = (
				55A0D37012B828CF0038C710 /* Sources */,
				55A0D37112B828CF0038C710 /* Frameworks */,
				55A0D37212B828CF0038C710 /* CopyFiles */,
			);
			buildRules = (
			);
			dependencies = (
			);
			name = "pbxproj-recode";
			productName = "pbxproj-recode";
			productReference = 55A0D37412B828CF0038C710 /* pbxproj-recode */;
			productType = "com.apple.product-type.tool";
		};
/* End PBXNativeTarget section */

/* Begin PBXProject section */
		55A0D36912B828CE0038C710 /* Project object */ = {
			isa = PBXProject;
			attributes = {
				ORGANIZATIONNAME = Ciklum;
			};
			buildConfigurationList = 55A0D36C12B828CE0038C710 /* Build configuration list for PBXProject "pbxproj-recode" */;
			compatibilityVersion = "Xcode 3.2";
			developmentRegion = English;
			hasScannedForEncodings = 0;
			knownRegions = (
				en,
			);
			mainGroup = 55A0D36712B828CE0038C710;
			productRefGroup = 55A0D37512B828CF0038C710 /* Products */;
			projectDirPath = "";
			projectRoot = "";
			targets = (
				55A0D37312B828CF0038C710 /* pbxproj-recode */,
			);
		};
/* End PBXProject section */

/* Begin PBXSourcesBuildPhase section */
		55A0D37012B828CF0038C710 /* Sources */ = {
			isa = PBXSourcesBuildPhase;
			buildActionMask = 2147483647;
			files = (
				55A0D37C12B828CF0038C710 /* main.m in Sources */,
				55A0D38612B82F170038C710 /* Parser.m in Sources */,
			);
			runOnlyForDeploymentPostprocessing = 0;
		};
/* End PBXSourcesBuildPhase section */

/* Begin XCBuildConfiguration section */
		55A0D37F12B828CF0038C710 /* Debug */ = {
			isa = XCBuildConfiguration;
			buildSettings = {
				ARCHS = "$(ARCHS_STANDARD_32_64_BIT)";
				GCC_C_LANGUAGE_STANDARD = gnu99;
				GCC_OPTIMIZATION_LEVEL = 0;
				GCC_PREPROCESSOR_DEFINITIONS = DEBUG;
				GCC_VERSION = com.apple.compilers.llvm.clang.1_0;
				GCC_WARN_ABOUT_RETURN_TYPE = YES;
				GCC_WARN_UNUSED_VARIABLE = YES;
				MACOSX_DEPLOYMENT_TARGET = 10.6;
				ONLY_ACTIVE_ARCH = YES;
				PREBINDING = NO;
				SDKROOT = macosx;
			};
			name = Debug;
		};
		55A0D38012B828CF0038C710 /* Release */ = {
			isa = XCBuildConfiguration;
			buildSettings = {
				ARCHS = "$(ARCHS_STANDARD_32_64_BIT)";
				GCC_C_LANGUAGE_STANDARD = gnu99;
				GCC_VERSION = com.apple.compilers.llvm.clang.1_0;
				GCC_WARN_ABOUT_RETURN_TYPE = YES;
				GCC_WARN_UNUSED_VARIABLE = YES;
				MACOSX_DEPLOYMENT_TARGET = 10.6;
				PREBINDING = NO;
				SDKROOT = macosx;
			};
			name = Release;
		};
		55A0D38212B828CF0038C710 /* Debug */ = {
			isa = XCBuildConfiguration;
			buildSettings = {
				ALWAYS_SEARCH_USER_PATHS = NO;
				COPY_PHASE_STRIP = NO;
				GCC_DYNAMIC_NO_PIC = NO;
				GCC_ENABLE_OBJC_EXCEPTIONS = YES;
				GCC_PRECOMPILE_PREFIX_HEADER = YES;
				GCC_PREFIX_HEADER = "pbxproj_recode-Prefix.pch";
				INSTALL_PATH = /usr/local/bin;
				PRODUCT_NAME = "$(TARGET_NAME)";
			};
			name = Debug;
		};
		55A0D38312B828CF0038C710 /* Release */ = {
			isa = XCBuildConfiguration;
			buildSettings = {
				ALWAYS_SEARCH_USER_PATHS = NO;
				COPY_PHASE_STRIP = YES;
				DEBUG_INFORMATION_FORMAT = "dwarf-with-dsym";
				GCC_ENABLE_OBJC_EXCEPTIONS = YES;
				GCC_PRECOMPILE_PREFIX_HEADER = YES;
				GCC_PREFIX_HEADER = "pbxproj_recode-Prefix.pch";
				INSTALL_PATH = /usr/local/bin;
				PRODUCT_NAME = "$(TARGET_NAME)";
			};
			name = Release;
		};
/* End XCBuildConfiguration section */

/* Begin XCConfigurationList section */
		55A0D36C12B828CE0038C710 /* Build configuration list for PBXProject "pbxproj-recode" */ = {
			isa = XCConfigurationList;
			buildConfigurations = (
				55A0D37F12B828CF0038C710 /* Debug */,
				55A0D38012B828CF0038C710 /* Release */,
			);
			defaultConfigurationIsVisible = 0;
			defaultConfigurationName = Release;
		};
		55A0D38112B828CF0038C710 /* Build configuration list for PBXNativeTarget "pbxproj-recode" */ = {
			isa = XCConfigurationList;
			buildConfigurations = (
				55A0D38212B828CF0038C710 /* Debug */,
				55A0D38312B828CF0038C710 /* Release */,
			);
			defaultConfigurationIsVisible = 0;
			defaultConfigurationName = Release;
		};
/* End XCConfigurationList section */
	};
	rootObject = 55A0D36912B828CE0038C710 /* Project object */;
}
