// !$*UTF8*$!
{
	archiveVersion = 1;
	classes = {
	};
	objectVersion = 45;
	objects = {

/* Begin PBXBuildFile section */
		840A853C1254BEA6007C5C1C /* NumberFieldView.m in Sources */ = {isa = PBXBuildFile; fileRef = 840A853B1254BEA6007C5C1C /* NumberFieldView.m */; };
		841441A4128AFA48004E6E27 /* IRRFieldDescriptionVariantManaged.m in Sources */ = {isa = PBXBuildFile; fileRef = 841441A1128AFA48004E6E27 /* IRRFieldDescriptionVariantManaged.m */; };
		841DDA3B12354BBD005CF008 /* MultiDictionaryCustomFieldView.m in Sources */ = {isa = PBXBuildFile; fileRef = 841DDA3A12354BBD005CF008 /* MultiDictionaryCustomFieldView.m */; };
		8424ED9B125CA9BA00484E49 /* IRRCustomFieldValueManaged.m in Sources */ = {isa = PBXBuildFile; fileRef = 8424ED9A125CA9BA00484E49 /* IRRCustomFieldValueManaged.m */; };
		8424EF72125CC8B300484E49 /* IRRSubscription.m in Sources */ = {isa = PBXBuildFile; fileRef = 8424EF71125CC8B300484E49 /* IRRSubscription.m */; };
		84635185122D10F5000E7081 /* IRRAdvertisementInfo.m in Sources */ = {isa = PBXBuildFile; fileRef = 84635180122D10F5000E7081 /* IRRAdvertisementInfo.m */; };
		84635187122D10F5000E7081 /* IRRSellerInfo.m in Sources */ = {isa = PBXBuildFile; fileRef = 84635184122D10F5000E7081 /* IRRSellerInfo.m */; };
		8463E14E1234EB8B0063065C /* CustomFieldView.m in Sources */ = {isa = PBXBuildFile; fileRef = 8463E14D1234EB8B0063065C /* CustomFieldView.m */; };
		8464DC7D124CBD0D00EFC78C /* IRRCurrency.m in Sources */ = {isa = PBXBuildFile; fileRef = 8464DC7C124CBD0D00EFC78C /* IRRCurrency.m */; };
		84674287128C02F4002504E0 /* IRRFieldDescriptionManaged.m in Sources */ = {isa = PBXBuildFile; fileRef = 84674286128C02F4002504E0 /* IRRFieldDescriptionManaged.m */; };
		84684E75126F07E500A972F8 /* CatalogCustomFieldView.m in Sources */ = {isa = PBXBuildFile; fileRef = 84684E74126F07E500A972F8 /* CatalogCustomFieldView.m */; };
		8468E14B1259CA1C0017778E /* IRRSearchField.m in Sources */ = {isa = PBXBuildFile; fileRef = 8468E14A1259CA1C0017778E /* IRRSearchField.m */; };
		84691FE4127583240086A27A /* IRRRegistrationInfoManaged.m in Sources */ = {isa = PBXBuildFile; fileRef = 84691FE3127583240086A27A /* IRRRegistrationInfoManaged.m */; };
		847BCEC11223B7C400E111E8 /* AdvertisementsData.m in Sources */ = {isa = PBXBuildFile; fileRef = 847BCEC01223B7C400E111E8 /* AdvertisementsData.m */; };
		847FA26A121E6AD3004B39A3 /* IRRFieldDescription.m in Sources */ = {isa = PBXBuildFile; fileRef = 847FA269121E6AD3004B39A3 /* IRRFieldDescription.m */; };
		8480322F124B47E20043358C /* Settings.m in Sources */ = {isa = PBXBuildFile; fileRef = 8480322E124B47E20043358C /* Settings.m */; };
		84941E0E1234D9A90015069A /* CustomFieldViewCreator.m in Sources */ = {isa = PBXBuildFile; fileRef = 84941E0D1234D9A90015069A /* CustomFieldViewCreator.m */; };
		84941E161234DDAA0015069A /* DateTimeCustomFieldView.m in Sources */ = {isa = PBXBuildFile; fileRef = 84941E151234DDAA0015069A /* DateTimeCustomFieldView.m */; };
		84941E191234DE1A0015069A /* DictionaryCustomFieldView.m in Sources */ = {isa = PBXBuildFile; fileRef = 84941E181234DE1A0015069A /* DictionaryCustomFieldView.m */; };
		84941F5E1234E9F50015069A /* BoolCustomFieldView.m in Sources */ = {isa = PBXBuildFile; fileRef = 84941F5D1234E9F50015069A /* BoolCustomFieldView.m */; };
		8494207B12350E460015069A /* CustomTextFieldView.m in Sources */ = {isa = PBXBuildFile; fileRef = 8494207A12350E460015069A /* CustomTextFieldView.m */; };
		849F1A021212E67000B9537B /* IRRRegion.m in Sources */ = {isa = PBXBuildFile; fileRef = 849F1A011212E67000B9537B /* IRRRegion.m */; };
		B380A751127AE8DE00B7FFCC /* IRRFavoriteAdIdManaged.m in Sources */ = {isa = PBXBuildFile; fileRef = B380A750127AE8DE00B7FFCC /* IRRFavoriteAdIdManaged.m */; };
		B383211411EDFDEA004DBC46 /* IRRCategory.m in Sources */ = {isa = PBXBuildFile; fileRef = B383211311EDFDEA004DBC46 /* IRRCategory.m */; };
		B383211A11EDFDF9004DBC46 /* DataAdapter.m in Sources */ = {isa = PBXBuildFile; fileRef = B383211611EDFDF9004DBC46 /* DataAdapter.m */; };
		B383211B11EDFDF9004DBC46 /* DataAdapterCreator.m in Sources */ = {isa = PBXBuildFile; fileRef = B383211811EDFDF9004DBC46 /* DataAdapterCreator.m */; };
		B383219511EF2621004DBC46 /* IRRAdvertisement.m in Sources */ = {isa = PBXBuildFile; fileRef = B383219411EF2621004DBC46 /* IRRAdvertisement.m */; };
		B383240811F087FD004DBC46 /* IRRCustomField.m in Sources */ = {isa = PBXBuildFile; fileRef = B383240711F087FD004DBC46 /* IRRCustomField.m */; };
		B384B70B12761BEE006A23EB /* IRROfflineCommandManaged.m in Sources */ = {isa = PBXBuildFile; fileRef = B384B70A12761BEE006A23EB /* IRROfflineCommandManaged.m */; };
		B384BA041276E154006A23EB /* IRRCurrencyManaged.m in Sources */ = {isa = PBXBuildFile; fileRef = B384BA031276E154006A23EB /* IRRCurrencyManaged.m */; };
		B385051C125E0CBF00818AA2 /* IRRRelatedToCategoryManaged.m in Sources */ = {isa = PBXBuildFile; fileRef = B385051B125E0CBF00818AA2 /* IRRRelatedToCategoryManaged.m */; };
		B386D3A812721B78003EBCB4 /* IRRCategoryManaged.m in Sources */ = {isa = PBXBuildFile; fileRef = B386D3A512721B78003EBCB4 /* IRRCategoryManaged.m */; };
		B386D3A912721B78003EBCB4 /* IRRRegionManaged.m in Sources */ = {isa = PBXBuildFile; fileRef = B386D3A712721B78003EBCB4 /* IRRRegionManaged.m */; };
		B38801DC125CB4E200B62D08 /* IRRSubscriptionKeywordsManaged.m in Sources */ = {isa = PBXBuildFile; fileRef = B38801D7125CB4E200B62D08 /* IRRSubscriptionKeywordsManaged.m */; };
		B38801DD125CB4E200B62D08 /* IRRSubscriptionManaged.m in Sources */ = {isa = PBXBuildFile; fileRef = B38801D9125CB4E200B62D08 /* IRRSubscriptionManaged.m */; };
		B388FF17125A30D300B62D08 /* DataManager.m in Sources */ = {isa = PBXBuildFile; fileRef = B388FF0C125A30D300B62D08 /* DataManager.m */; };
		B388FF1C125A30D300B62D08 /* Offline.xcdatamodel in Sources */ = {isa = PBXBuildFile; fileRef = B388FF16125A30D300B62D08 /* Offline.xcdatamodel */; };
		B388FF49125A688D00B62D08 /* IRRCustomFieldManaged.m in Sources */ = {isa = PBXBuildFile; fileRef = B388FF44125A688D00B62D08 /* IRRCustomFieldManaged.m */; };
		B388FF4B125A688D00B62D08 /* IRRAdvertisementManaged.m in Sources */ = {isa = PBXBuildFile; fileRef = B388FF48125A688D00B62D08 /* IRRAdvertisementManaged.m */; };
		B388FFDE125BBF6600B62D08 /* IRRAdvertisementInfoManaged.m in Sources */ = {isa = PBXBuildFile; fileRef = B388FFDA125BBF6600B62D08 /* IRRAdvertisementInfoManaged.m */; };
		B38AC3551263624100A3C65B /* IRRAuthToken.m in Sources */ = {isa = PBXBuildFile; fileRef = B38AC3541263624100A3C65B /* IRRAuthToken.m */; };
		B38C22D9125F5129004FE580 /* IRRGeoInfo.m in Sources */ = {isa = PBXBuildFile; fileRef = B38C22D8125F5129004FE580 /* IRRGeoInfo.m */; };
		B38CC1EE1295259B001E5451 /* IRRSmsProductManaged.m in Sources */ = {isa = PBXBuildFile; fileRef = B38CC1ED1295259B001E5451 /* IRRSmsProductManaged.m */; };
		B38CC1F1129525B7001E5451 /* IRRSmsProduct.m in Sources */ = {isa = PBXBuildFile; fileRef = B38CC1F0129525B7001E5451 /* IRRSmsProduct.m */; };
		B39380CE126F75CE00953F3E /* IRRAdImageManaged.m in Sources */ = {isa = PBXBuildFile; fileRef = B39380CD126F75CE00953F3E /* IRRAdImageManaged.m */; };
		B3C0F441126EE0BA00984D34 /* IRRRegistrationInfo.m in Sources */ = {isa = PBXBuildFile; fileRef = B3C0F440126EE0BA00984D34 /* IRRRegistrationInfo.m */; };
		CE01197F12508BCA00F7EC84 /* IRRSorting.m in Sources */ = {isa = PBXBuildFile; fileRef = CE01197E12508BCA00F7EC84 /* IRRSorting.m */; };
		CEE7F2F01251FE95000D55B8 /* IRRComment.m in Sources */ = {isa = PBXBuildFile; fileRef = CEE7F2EF1251FE95000D55B8 /* IRRComment.m */; };
/* End PBXBuildFile section */

/* Begin PBXFileReference section */
		1D6058910D05DD3D006BFB54 /* IRR.app */ = {isa = PBXFileReference; explicitFileType = wrapper.application; includeInIndex = 0; name = IRR.app; path = "/Users/user/src/inOrder/build/Release-iphoneos/IRR.app"; sourceTree = "<absolute>"; };
		840A853A1254BEA6007C5C1C /* NumberFieldView.h */ = {isa = PBXFileReference; fileEncoding = 4; lastKnownFileType = sourcecode.c.h; path = NumberFieldView.h; sourceTree = "<group>"; };
		840A853B1254BEA6007C5C1C /* NumberFieldView.m */ = {isa = PBXFileReference; fileEncoding = 4; lastKnownFileType = sourcecode.c.objc; path = NumberFieldView.m; sourceTree = "<group>"; wrapsLines = 1; };
		841441A0128AFA48004E6E27 /* IRRFieldDescriptionVariantManaged.h */ = {isa = PBXFileReference; fileEncoding = 4; lastKnownFileType = sourcecode.c.h; path = IRRFieldDescriptionVariantManaged.h; sourceTree = "<group>"; };
		841441A1128AFA48004E6E27 /* IRRFieldDescriptionVariantManaged.m */ = {isa = PBXFileReference; fileEncoding = 4; lastKnownFileType = sourcecode.c.objc; path = IRRFieldDescriptionVariantManaged.m; sourceTree = "<group>"; };
		841DDA3912354BBD005CF008 /* MultiDictionaryCustomFieldView.h */ = {isa = PBXFileReference; fileEncoding = 4; lastKnownFileType = sourcecode.c.h; path = MultiDictionaryCustomFieldView.h; sourceTree = "<group>"; };
		841DDA3A12354BBD005CF008 /* MultiDictionaryCustomFieldView.m */ = {isa = PBXFileReference; fileEncoding = 4; lastKnownFileType = sourcecode.c.objc; path = MultiDictionaryCustomFieldView.m; sourceTree = "<group>"; };
		8424ED99125CA9BA00484E49 /* IRRCustomFieldValueManaged.h */ = {isa = PBXFileReference; fileEncoding = 4; lastKnownFileType = sourcecode.c.h; path = IRRCustomFieldValueManaged.h; sourceTree = "<group>"; };
		8424ED9A125CA9BA00484E49 /* IRRCustomFieldValueManaged.m */ = {isa = PBXFileReference; fileEncoding = 4; lastKnownFileType = sourcecode.c.objc; path = IRRCustomFieldValueManaged.m; sourceTree = "<group>"; };
		8424EF70125CC8B300484E49 /* IRRSubscription.h */ = {isa = PBXFileReference; fileEncoding = 4; lastKnownFileType = sourcecode.c.h; path = IRRSubscription.h; sourceTree = "<group>"; };
		8424EF71125CC8B300484E49 /* IRRSubscription.m */ = {isa = PBXFileReference; fileEncoding = 4; lastKnownFileType = sourcecode.c.objc; path = IRRSubscription.m; sourceTree = "<group>"; };
		8463517F122D10F5000E7081 /* IRRAdvertisementInfo.h */ = {isa = PBXFileReference; fileEncoding = 4; lastKnownFileType = sourcecode.c.h; path = IRRAdvertisementInfo.h; sourceTree = "<group>"; };
		84635180122D10F5000E7081 /* IRRAdvertisementInfo.m */ = {isa = PBXFileReference; fileEncoding = 4; lastKnownFileType = sourcecode.c.objc; path = IRRAdvertisementInfo.m; sourceTree = "<group>"; };
		84635183122D10F5000E7081 /* IRRSellerInfo.h */ = {isa = PBXFileReference; fileEncoding = 4; lastKnownFileType = sourcecode.c.h; path = IRRSellerInfo.h; sourceTree = "<group>"; };
		84635184122D10F5000E7081 /* IRRSellerInfo.m */ = {isa = PBXFileReference; fileEncoding = 4; lastKnownFileType = sourcecode.c.objc; path = IRRSellerInfo.m; sourceTree = "<group>"; };
		8463E14C1234EB8B0063065C /* CustomFieldView.h */ = {isa = PBXFileReference; fileEncoding = 4; lastKnownFileType = sourcecode.c.h; path = CustomFieldView.h; sourceTree = "<group>"; };
		8463E14D1234EB8B0063065C /* CustomFieldView.m */ = {isa = PBXFileReference; fileEncoding = 4; lastKnownFileType = sourcecode.c.objc; path = CustomFieldView.m; sourceTree = "<group>"; };
		8464DC7B124CBD0D00EFC78C /* IRRCurrency.h */ = {isa = PBXFileReference; fileEncoding = 4; lastKnownFileType = sourcecode.c.h; path = IRRCurrency.h; sourceTree = "<group>"; };
		8464DC7C124CBD0D00EFC78C /* IRRCurrency.m */ = {isa = PBXFileReference; fileEncoding = 4; lastKnownFileType = sourcecode.c.objc; path = IRRCurrency.m; sourceTree = "<group>"; };
		84674285128C02F4002504E0 /* IRRFieldDescriptionManaged.h */ = {isa = PBXFileReference; fileEncoding = 4; lastKnownFileType = sourcecode.c.h; path = IRRFieldDescriptionManaged.h; sourceTree = "<group>"; };
		84674286128C02F4002504E0 /* IRRFieldDescriptionManaged.m */ = {isa = PBXFileReference; fileEncoding = 4; lastKnownFileType = sourcecode.c.objc; path = IRRFieldDescriptionManaged.m; sourceTree = "<group>"; };
		84684E73126F07E500A972F8 /* CatalogCustomFieldView.h */ = {isa = PBXFileReference; fileEncoding = 4; lastKnownFileType = sourcecode.c.h; path = CatalogCustomFieldView.h; sourceTree = "<group>"; };
		84684E74126F07E500A972F8 /* CatalogCustomFieldView.m */ = {isa = PBXFileReference; fileEncoding = 4; lastKnownFileType = sourcecode.c.objc; path = CatalogCustomFieldView.m; sourceTree = "<group>"; };
		8468E1491259CA1C0017778E /* IRRSearchField.h */ = {isa = PBXFileReference; fileEncoding = 4; lastKnownFileType = sourcecode.c.h; path = IRRSearchField.h; sourceTree = "<group>"; };
		8468E14A1259CA1C0017778E /* IRRSearchField.m */ = {isa = PBXFileReference; fileEncoding = 4; lastKnownFileType = sourcecode.c.objc; path = IRRSearchField.m; sourceTree = "<group>"; };
		84691FE2127583240086A27A /* IRRRegistrationInfoManaged.h */ = {isa = PBXFileReference; fileEncoding = 4; lastKnownFileType = sourcecode.c.h; path = IRRRegistrationInfoManaged.h; sourceTree = "<group>"; };
		84691FE3127583240086A27A /* IRRRegistrationInfoManaged.m */ = {isa = PBXFileReference; fileEncoding = 4; lastKnownFileType = sourcecode.c.objc; path = IRRRegistrationInfoManaged.m; sourceTree = "<group>"; };
		847BCEBF1223B7C400E111E8 /* AdvertisementsData.h */ = {isa = PBXFileReference; fileEncoding = 4; lastKnownFileType = sourcecode.c.h; path = AdvertisementsData.h; sourceTree = "<group>"; };
		847BCEC01223B7C400E111E8 /* AdvertisementsData.m */ = {isa = PBXFileReference; fileEncoding = 4; lastKnownFileType = sourcecode.c.objc; path = AdvertisementsData.m; sourceTree = "<group>"; };
		847FA268121E6AD3004B39A3 /* IRRFieldDescription.h */ = {isa = PBXFileReference; fileEncoding = 4; lastKnownFileType = sourcecode.c.h; path = IRRFieldDescription.h; sourceTree = "<group>"; };
		847FA269121E6AD3004B39A3 /* IRRFieldDescription.m */ = {isa = PBXFileReference; fileEncoding = 4; lastKnownFileType = sourcecode.c.objc; path = IRRFieldDescription.m; sourceTree = "<group>"; };
		8480322D124B47E20043358C /* Settings.h */ = {isa = PBXFileReference; fileEncoding = 4; lastKnownFileType = sourcecode.c.h; path = Settings.h; sourceTree = "<group>"; };
		8480322E124B47E20043358C /* Settings.m */ = {isa = PBXFileReference; fileEncoding = 4; lastKnownFileType = sourcecode.c.objc; path = Settings.m; sourceTree = "<group>"; };
		84819EF31237DA2A00074759 /* CustomFieldProtocol.h */ = {isa = PBXFileReference; fileEncoding = 4; lastKnownFileType = sourcecode.c.h; path = CustomFieldProtocol.h; sourceTree = "<group>"; };
		84941E0C1234D9A90015069A /* CustomFieldViewCreator.h */ = {isa = PBXFileReference; fileEncoding = 4; lastKnownFileType = sourcecode.c.h; path = CustomFieldViewCreator.h; sourceTree = "<group>"; };
		84941E0D1234D9A90015069A /* CustomFieldViewCreator.m */ = {isa = PBXFileReference; fileEncoding = 4; lastKnownFileType = sourcecode.c.objc; path = CustomFieldViewCreator.m; sourceTree = "<group>"; };
		84941E141234DDAA0015069A /* DateTimeCustomFieldView.h */ = {isa = PBXFileReference; fileEncoding = 4; lastKnownFileType = sourcecode.c.h; path = DateTimeCustomFieldView.h; sourceTree = "<group>"; };
		84941E151234DDAA0015069A /* DateTimeCustomFieldView.m */ = {isa = PBXFileReference; fileEncoding = 4; lastKnownFileType = sourcecode.c.objc; path = DateTimeCustomFieldView.m; sourceTree = "<group>"; };
		84941E171234DE1A0015069A /* DictionaryCustomFieldView.h */ = {isa = PBXFileReference; fileEncoding = 4; lastKnownFileType = sourcecode.c.h; name = DictionaryCustomFieldView.h; path = Types/DictionaryCustomFieldView.h; sourceTree = "<group>"; wrapsLines = 1; };
		84941E181234DE1A0015069A /* DictionaryCustomFieldView.m */ = {isa = PBXFileReference; fileEncoding = 4; lastKnownFileType = sourcecode.c.objc; name = DictionaryCustomFieldView.m; path = Types/DictionaryCustomFieldView.m; sourceTree = "<group>"; wrapsLines = 1; };
		84941F5C1234E9F50015069A /* BoolCustomFieldView.h */ = {isa = PBXFileReference; fileEncoding = 4; lastKnownFileType = sourcecode.c.h; path = BoolCustomFieldView.h; sourceTree = "<group>"; };
		84941F5D1234E9F50015069A /* BoolCustomFieldView.m */ = {isa = PBXFileReference; fileEncoding = 4; lastKnownFileType = sourcecode.c.objc; path = BoolCustomFieldView.m; sourceTree = "<group>"; };
		8494207912350E460015069A /* CustomTextFieldView.h */ = {isa = PBXFileReference; fileEncoding = 4; lastKnownFileType = sourcecode.c.h; path = CustomTextFieldView.h; sourceTree = "<group>"; };
		8494207A12350E460015069A /* CustomTextFieldView.m */ = {isa = PBXFileReference; fileEncoding = 4; lastKnownFileType = sourcecode.c.objc; path = CustomTextFieldView.m; sourceTree = "<group>"; };
		849F1A001212E67000B9537B /* IRRRegion.h */ = {isa = PBXFileReference; fileEncoding = 4; lastKnownFileType = sourcecode.c.h; path = IRRRegion.h; sourceTree = "<group>"; };
		849F1A011212E67000B9537B /* IRRRegion.m */ = {isa = PBXFileReference; fileEncoding = 4; lastKnownFileType = sourcecode.c.objc; path = IRRRegion.m; sourceTree = "<group>"; };
		B380A74F127AE8DE00B7FFCC /* IRRFavoriteAdIdManaged.h */ = {isa = PBXFileReference; fileEncoding = 4; lastKnownFileType = sourcecode.c.h; path = IRRFavoriteAdIdManaged.h; sourceTree = "<group>"; };
		B380A750127AE8DE00B7FFCC /* IRRFavoriteAdIdManaged.m */ = {isa = PBXFileReference; fileEncoding = 4; lastKnownFileType = sourcecode.c.objc; path = IRRFavoriteAdIdManaged.m; sourceTree = "<group>"; };
		B383211211EDFDEA004DBC46 /* IRRCategory.h */ = {isa = PBXFileReference; fileEncoding = 4; lastKnownFileType = sourcecode.c.h; path = IRRCategory.h; sourceTree = "<group>"; };
		B383211311EDFDEA004DBC46 /* IRRCategory.m */ = {isa = PBXFileReference; fileEncoding = 4; lastKnownFileType = sourcecode.c.objc; path = IRRCategory.m; sourceTree = "<group>"; };
		B383211511EDFDF9004DBC46 /* DataAdapter.h */ = {isa = PBXFileReference; fileEncoding = 4; lastKnownFileType = sourcecode.c.h; path = DataAdapter.h; sourceTree = "<group>"; };
		B383211611EDFDF9004DBC46 /* DataAdapter.m */ = {isa = PBXFileReference; fileEncoding = 4; lastKnownFileType = sourcecode.c.objc; name = DataAdapter.m; path = ../DataAdapter.m; sourceTree = "<group>"; wrapsLines = 0; };
		B383211711EDFDF9004DBC46 /* DataAdapterCreator.h */ = {isa = PBXFileReference; fileEncoding = 4; lastKnownFileType = sourcecode.c.h; path = DataAdapterCreator.h; sourceTree = "<group>"; };
		B383211811EDFDF9004DBC46 /* DataAdapterCreator.m */ = {isa = PBXFileReference; fileEncoding = 4; lastKnownFileType = sourcecode.c.objc; path = DataAdapterCreator.m; sourceTree = "<group>"; };
		B383211911EDFDF9004DBC46 /* DataAdapterProtocol.h */ = {isa = PBXFileReference; fileEncoding = 4; lastKnownFileType = sourcecode.c.h; path = DataAdapterProtocol.h; sourceTree = "<group>"; };
		B383219311EF2621004DBC46 /* IRRAdvertisement.h */ = {isa = PBXFileReference; fileEncoding = 4; lastKnownFileType = sourcecode.c.h; path = IRRAdvertisement.h; sourceTree = "<group>"; };
		B383219411EF2621004DBC46 /* IRRAdvertisement.m */ = {isa = PBXFileReference; fileEncoding = 4; lastKnownFileType = sourcecode.c.objc; path = IRRAdvertisement.m; sourceTree = "<group>"; };
		B383240611F087FD004DBC46 /* IRRCustomField.h */ = {isa = PBXFileReference; fileEncoding = 4; lastKnownFileType = sourcecode.c.h; path = IRRCustomField.h; sourceTree = "<group>"; };
		B383240711F087FD004DBC46 /* IRRCustomField.m */ = {isa = PBXFileReference; fileEncoding = 4; lastKnownFileType = sourcecode.c.objc; path = IRRCustomField.m; sourceTree = "<group>"; };
		B384B70912761BEE006A23EB /* IRROfflineCommandManaged.h */ = {isa = PBXFileReference; fileEncoding = 4; lastKnownFileType = sourcecode.c.h; path = IRROfflineCommandManaged.h; sourceTree = "<group>"; };
		B384B70A12761BEE006A23EB /* IRROfflineCommandManaged.m */ = {isa = PBXFileReference; fileEncoding = 4; lastKnownFileType = sourcecode.c.objc; path = IRROfflineCommandManaged.m; sourceTree = "<group>"; };
		B384B729127626E8006A23EB /* DataCoreConst.h */ = {isa = PBXFileReference; fileEncoding = 4; lastKnownFileType = sourcecode.c.h; path = DataCoreConst.h; sourceTree = "<group>"; };
		B384BA021276E154006A23EB /* IRRCurrencyManaged.h */ = {isa = PBXFileReference; fileEncoding = 4; lastKnownFileType = sourcecode.c.h; path = IRRCurrencyManaged.h; sourceTree = "<group>"; };
		B384BA031276E154006A23EB /* IRRCurrencyManaged.m */ = {isa = PBXFileReference; fileEncoding = 4; lastKnownFileType = sourcecode.c.objc; path = IRRCurrencyManaged.m; sourceTree = "<group>"; };
		B385051A125E0CBF00818AA2 /* IRRRelatedToCategoryManaged.h */ = {isa = PBXFileReference; fileEncoding = 4; lastKnownFileType = sourcecode.c.h; path = IRRRelatedToCategoryManaged.h; sourceTree = "<group>"; };
		B385051B125E0CBF00818AA2 /* IRRRelatedToCategoryManaged.m */ = {isa = PBXFileReference; fileEncoding = 4; lastKnownFileType = sourcecode.c.objc; path = IRRRelatedToCategoryManaged.m; sourceTree = "<group>"; };
		B386D3A412721B78003EBCB4 /* IRRCategoryManaged.h */ = {isa = PBXFileReference; fileEncoding = 4; lastKnownFileType = sourcecode.c.h; path = IRRCategoryManaged.h; sourceTree = "<group>"; };
		B386D3A512721B78003EBCB4 /* IRRCategoryManaged.m */ = {isa = PBXFileReference; fileEncoding = 4; lastKnownFileType = sourcecode.c.objc; path = IRRCategoryManaged.m; sourceTree = "<group>"; };
		B386D3A612721B78003EBCB4 /* IRRRegionManaged.h */ = {isa = PBXFileReference; fileEncoding = 4; lastKnownFileType = sourcecode.c.h; path = IRRRegionManaged.h; sourceTree = "<group>"; };
		B386D3A712721B78003EBCB4 /* IRRRegionManaged.m */ = {isa = PBXFileReference; fileEncoding = 4; lastKnownFileType = sourcecode.c.objc; path = IRRRegionManaged.m; sourceTree = "<group>"; };
		B38801D6125CB4E200B62D08 /* IRRSubscriptionKeywordsManaged.h */ = {isa = PBXFileReference; fileEncoding = 4; lastKnownFileType = sourcecode.c.h; path = IRRSubscriptionKeywordsManaged.h; sourceTree = "<group>"; };
		B38801D7125CB4E200B62D08 /* IRRSubscriptionKeywordsManaged.m */ = {isa = PBXFileReference; fileEncoding = 4; lastKnownFileType = sourcecode.c.objc; path = IRRSubscriptionKeywordsManaged.m; sourceTree = "<group>"; };
		B38801D8125CB4E200B62D08 /* IRRSubscriptionManaged.h */ = {isa = PBXFileReference; fileEncoding = 4; lastKnownFileType = sourcecode.c.h; path = IRRSubscriptionManaged.h; sourceTree = "<group>"; };
		B38801D9125CB4E200B62D08 /* IRRSubscriptionManaged.m */ = {isa = PBXFileReference; fileEncoding = 4; lastKnownFileType = sourcecode.c.objc; path = IRRSubscriptionManaged.m; sourceTree = "<group>"; };
		B388FF0B125A30D300B62D08 /* DataManager.h */ = {isa = PBXFileReference; fileEncoding = 4; lastKnownFileType = sourcecode.c.h; path = DataManager.h; sourceTree = "<group>"; };
		B388FF0C125A30D300B62D08 /* DataManager.m */ = {isa = PBXFileReference; fileEncoding = 4; lastKnownFileType = sourcecode.c.objc; path = DataManager.m; sourceTree = "<group>"; };
		B388FF15125A30D300B62D08 /* IRRDataTypeProtocol.h */ = {isa = PBXFileReference; fileEncoding = 4; lastKnownFileType = sourcecode.c.h; path = IRRDataTypeProtocol.h; sourceTree = "<group>"; };
		B388FF16125A30D300B62D08 /* Offline.xcdatamodel */ = {isa = PBXFileReference; fileEncoding = 4; lastKnownFileType = wrapper.xcdatamodel; path = Offline.xcdatamodel; sourceTree = "<group>"; };
		B388FF43125A688D00B62D08 /* IRRCustomFieldManaged.h */ = {isa = PBXFileReference; fileEncoding = 4; lastKnownFileType = sourcecode.c.h; path = IRRCustomFieldManaged.h; sourceTree = "<group>"; };
		B388FF44125A688D00B62D08 /* IRRCustomFieldManaged.m */ = {isa = PBXFileReference; fileEncoding = 4; lastKnownFileType = sourcecode.c.objc; path = IRRCustomFieldManaged.m; sourceTree = "<group>"; };
		B388FF47125A688D00B62D08 /* IRRAdvertisementManaged.h */ = {isa = PBXFileReference; fileEncoding = 4; lastKnownFileType = sourcecode.c.h; path = IRRAdvertisementManaged.h; sourceTree = "<group>"; };
		B388FF48125A688D00B62D08 /* IRRAdvertisementManaged.m */ = {isa = PBXFileReference; fileEncoding = 4; lastKnownFileType = sourcecode.c.objc; path = IRRAdvertisementManaged.m; sourceTree = "<group>"; };
		B388FFD9125BBF6600B62D08 /* IRRAdvertisementInfoManaged.h */ = {isa = PBXFileReference; fileEncoding = 4; lastKnownFileType = sourcecode.c.h; path = IRRAdvertisementInfoManaged.h; sourceTree = "<group>"; };
		B388FFDA125BBF6600B62D08 /* IRRAdvertisementInfoManaged.m */ = {isa = PBXFileReference; fileEncoding = 4; lastKnownFileType = sourcecode.c.objc; path = IRRAdvertisementInfoManaged.m; sourceTree = "<group>"; };
		B38AC3531263624100A3C65B /* IRRAuthToken.h */ = {isa = PBXFileReference; fileEncoding = 4; lastKnownFileType = sourcecode.c.h; path = IRRAuthToken.h; sourceTree = "<group>"; };
		B38AC3541263624100A3C65B /* IRRAuthToken.m */ = {isa = PBXFileReference; fileEncoding = 4; lastKnownFileType = sourcecode.c.objc; path = IRRAuthToken.m; sourceTree = "<group>"; };
		B38C22D7125F5129004FE580 /* IRRGeoInfo.h */ = {isa = PBXFileReference; fileEncoding = 4; lastKnownFileType = sourcecode.c.h; path = IRRGeoInfo.h; sourceTree = "<group>"; };
		B38C22D8125F5129004FE580 /* IRRGeoInfo.m */ = {isa = PBXFileReference; fileEncoding = 4; lastKnownFileType = sourcecode.c.objc; path = IRRGeoInfo.m; sourceTree = "<group>"; };
		B38CC1EC1295259B001E5451 /* IRRSmsProductManaged.h */ = {isa = PBXFileReference; fileEncoding = 4; lastKnownFileType = sourcecode.c.h; path = IRRSmsProductManaged.h; sourceTree = "<group>"; };
		B38CC1ED1295259B001E5451 /* IRRSmsProductManaged.m */ = {isa = PBXFileReference; fileEncoding = 4; lastKnownFileType = sourcecode.c.objc; path = IRRSmsProductManaged.m; sourceTree = "<group>"; };
		B38CC1EF129525B7001E5451 /* IRRSmsProduct.h */ = {isa = PBXFileReference; fileEncoding = 4; lastKnownFileType = sourcecode.c.h; path = IRRSmsProduct.h; sourceTree = "<group>"; };
		B38CC1F0129525B7001E5451 /* IRRSmsProduct.m */ = {isa = PBXFileReference; fileEncoding = 4; lastKnownFileType = sourcecode.c.objc; path = IRRSmsProduct.m; sourceTree = "<group>"; };
		B39380CC126F75CE00953F3E /* IRRAdImageManaged.h */ = {isa = PBXFileReference; fileEncoding = 4; lastKnownFileType = sourcecode.c.h; path = IRRAdImageManaged.h; sourceTree = "<group>"; };
		B39380CD126F75CE00953F3E /* IRRAdImageManaged.m */ = {isa = PBXFileReference; fileEncoding = 4; lastKnownFileType = sourcecode.c.objc; path = IRRAdImageManaged.m; sourceTree = "<group>"; };
		B3C0F43F126EE0BA00984D34 /* IRRRegistrationInfo.h */ = {isa = PBXFileReference; fileEncoding = 4; lastKnownFileType = sourcecode.c.h; path = IRRRegistrationInfo.h; sourceTree = "<group>"; };
		B3C0F440126EE0BA00984D34 /* IRRRegistrationInfo.m */ = {isa = PBXFileReference; fileEncoding = 4; lastKnownFileType = sourcecode.c.objc; path = IRRRegistrationInfo.m; sourceTree = "<group>"; };
		CE01197D12508BCA00F7EC84 /* IRRSorting.h */ = {isa = PBXFileReference; fileEncoding = 4; lastKnownFileType = sourcecode.c.h; path = IRRSorting.h; sourceTree = "<group>"; };
		CE01197E12508BCA00F7EC84 /* IRRSorting.m */ = {isa = PBXFileReference; fileEncoding = 4; lastKnownFileType = sourcecode.c.objc; path = IRRSorting.m; sourceTree = "<group>"; };
		CEE7F2EE1251FE95000D55B8 /* IRRComment.h */ = {isa = PBXFileReference; fileEncoding = 4; lastKnownFileType = sourcecode.c.h; path = IRRComment.h; sourceTree = "<group>"; };
		CEE7F2EF1251FE95000D55B8 /* IRRComment.m */ = {isa = PBXFileReference; fileEncoding = 4; lastKnownFileType = sourcecode.c.objc; path = IRRComment.m; sourceTree = "<group>"; };
/* End PBXFileReference section */

/* Begin PBXFrameworksBuildPhase section */
		1D60588F0D05DD3D006BFB54 /* Frameworks */ = {
			isa = PBXFrameworksBuildPhase;
			buildActionMask = 2147483647;
			files = (
			);
			runOnlyForDeploymentPostprocessing = 0;
		};
/* End PBXFrameworksBuildPhase section */

/* Begin PBXGroup section */
		080E96DDFE201D6D7F000001 /* Classes */ = {
			isa = PBXGroup;
			children = (
				B371E49D11E3401D00F7D8C9 /* Data */,
			);
			path = Classes;
			sourceTree = "<group>";
		};
		29B97314FDCFA39411CA2CEA /* CustomTemplate */ = {
			isa = PBXGroup;
			children = (
				080E96DDFE201D6D7F000001 /* Classes */,
			);
			name = CustomTemplate;
			sourceTree = "<group>";
		};
		B371E49D11E3401D00F7D8C9 /* Data */ = {
			isa = PBXGroup;
			children = (
				B388FF0A125A30B300B62D08 /* DataCore */,
				B383211511EDFDF9004DBC46 /* DataAdapter.h */,
				B383211711EDFDF9004DBC46 /* DataAdapterCreator.h */,
				B383211811EDFDF9004DBC46 /* DataAdapterCreator.m */,
				B383211911EDFDF9004DBC46 /* DataAdapterProtocol.h */,
				847BCEBF1223B7C400E111E8 /* AdvertisementsData.h */,
				847BCEC01223B7C400E111E8 /* AdvertisementsData.m */,
				84684E73126F07E500A972F8 /* CatalogCustomFieldView.h */,
				84684E74126F07E500A972F8 /* CatalogCustomFieldView.m */,
				84819EF31237DA2A00074759 /* CustomFieldProtocol.h */,
				8463E14C1234EB8B0063065C /* CustomFieldView.h */,
				8463E14D1234EB8B0063065C /* CustomFieldView.m */,
				84941F5C1234E9F50015069A /* BoolCustomFieldView.h */,
				84941F5D1234E9F50015069A /* BoolCustomFieldView.m */,
				84941E0C1234D9A90015069A /* CustomFieldViewCreator.h */,
				84941E0D1234D9A90015069A /* CustomFieldViewCreator.m */,
				8494207912350E460015069A /* CustomTextFieldView.h */,
				8494207A12350E460015069A /* CustomTextFieldView.m */,
				84941E141234DDAA0015069A /* DateTimeCustomFieldView.h */,
				84941E151234DDAA0015069A /* DateTimeCustomFieldView.m */,
				84941E171234DE1A0015069A /* DictionaryCustomFieldView.h */,
				84941E181234DE1A0015069A /* DictionaryCustomFieldView.m */,
				841DDA3912354BBD005CF008 /* MultiDictionaryCustomFieldView.h */,
				841DDA3A12354BBD005CF008 /* MultiDictionaryCustomFieldView.m */,
				840A853A1254BEA6007C5C1C /* NumberFieldView.h */,
				840A853B1254BEA6007C5C1C /* NumberFieldView.m */,
				8480322D124B47E20043358C /* Settings.h */,
				8480322E124B47E20043358C /* Settings.m */,
				B383211111EDFDEA004DBC46 /* Types */,
			);
			path = Data;
			sourceTree = "<group>";
		};
		B383211111EDFDEA004DBC46 /* Types */ = {
			isa = PBXGroup;
			children = (
				8424EF70125CC8B300484E49 /* IRRSubscription.h */,
				8424EF71125CC8B300484E49 /* IRRSubscription.m */,
				CEE7F2EE1251FE95000D55B8 /* IRRComment.h */,
				CEE7F2EF1251FE95000D55B8 /* IRRComment.m */,
				8463517F122D10F5000E7081 /* IRRAdvertisementInfo.h */,
				84635180122D10F5000E7081 /* IRRAdvertisementInfo.m */,
				84635183122D10F5000E7081 /* IRRSellerInfo.h */,
				84635184122D10F5000E7081 /* IRRSellerInfo.m */,
				847FA268121E6AD3004B39A3 /* IRRFieldDescription.h */,
				847FA269121E6AD3004B39A3 /* IRRFieldDescription.m */,
				B383219311EF2621004DBC46 /* IRRAdvertisement.h */,
				B383219411EF2621004DBC46 /* IRRAdvertisement.m */,
				B383211211EDFDEA004DBC46 /* IRRCategory.h */,
				B383211311EDFDEA004DBC46 /* IRRCategory.m */,
				B383240611F087FD004DBC46 /* IRRCustomField.h */,
				B383240711F087FD004DBC46 /* IRRCustomField.m */,
				849F1A001212E67000B9537B /* IRRRegion.h */,
				849F1A011212E67000B9537B /* IRRRegion.m */,
				8464DC7B124CBD0D00EFC78C /* IRRCurrency.h */,
				8464DC7C124CBD0D00EFC78C /* IRRCurrency.m */,
				CE01197D12508BCA00F7EC84 /* IRRSorting.h */,
				CE01197E12508BCA00F7EC84 /* IRRSorting.m */,
				8468E1491259CA1C0017778E /* IRRSearchField.h */,
				8468E14A1259CA1C0017778E /* IRRSearchField.m */,
				B38C22D7125F5129004FE580 /* IRRGeoInfo.h */,
				B38C22D8125F5129004FE580 /* IRRGeoInfo.m */,
				B38AC3531263624100A3C65B /* IRRAuthToken.h */,
				B38AC3541263624100A3C65B /* IRRAuthToken.m */,
				B3C0F43F126EE0BA00984D34 /* IRRRegistrationInfo.h */,
				B3C0F440126EE0BA00984D34 /* IRRRegistrationInfo.m */,
				B38CC1EF129525B7001E5451 /* IRRSmsProduct.h */,
				B38CC1F0129525B7001E5451 /* IRRSmsProduct.m */,
			);
			path = Types;
			sourceTree = "<group>";
		};
		B388FF0A125A30B300B62D08 /* DataCore */ = {
			isa = PBXGroup;
			children = (
				B383211611EDFDF9004DBC46 /* DataAdapter.m */,
				B38CC1EC1295259B001E5451 /* IRRSmsProductManaged.h */,
				B38CC1ED1295259B001E5451 /* IRRSmsProductManaged.m */,
				84674285128C02F4002504E0 /* IRRFieldDescriptionManaged.h */,
				84674286128C02F4002504E0 /* IRRFieldDescriptionManaged.m */,
				841441A0128AFA48004E6E27 /* IRRFieldDescriptionVariantManaged.h */,
				841441A1128AFA48004E6E27 /* IRRFieldDescriptionVariantManaged.m */,
				B380A74F127AE8DE00B7FFCC /* IRRFavoriteAdIdManaged.h */,
				B380A750127AE8DE00B7FFCC /* IRRFavoriteAdIdManaged.m */,
				B384BA021276E154006A23EB /* IRRCurrencyManaged.h */,
				B384BA031276E154006A23EB /* IRRCurrencyManaged.m */,
				B384B70912761BEE006A23EB /* IRROfflineCommandManaged.h */,
				B384B70A12761BEE006A23EB /* IRROfflineCommandManaged.m */,
				84691FE2127583240086A27A /* IRRRegistrationInfoManaged.h */,
				84691FE3127583240086A27A /* IRRRegistrationInfoManaged.m */,
				B386D3A412721B78003EBCB4 /* IRRCategoryManaged.h */,
				B386D3A512721B78003EBCB4 /* IRRCategoryManaged.m */,
				B386D3A612721B78003EBCB4 /* IRRRegionManaged.h */,
				B386D3A712721B78003EBCB4 /* IRRRegionManaged.m */,
				B39380CC126F75CE00953F3E /* IRRAdImageManaged.h */,
				B39380CD126F75CE00953F3E /* IRRAdImageManaged.m */,
				B385051A125E0CBF00818AA2 /* IRRRelatedToCategoryManaged.h */,
				B385051B125E0CBF00818AA2 /* IRRRelatedToCategoryManaged.m */,
				B38801D6125CB4E200B62D08 /* IRRSubscriptionKeywordsManaged.h */,
				B38801D7125CB4E200B62D08 /* IRRSubscriptionKeywordsManaged.m */,
				B38801D8125CB4E200B62D08 /* IRRSubscriptionManaged.h */,
				B38801D9125CB4E200B62D08 /* IRRSubscriptionManaged.m */,
				8424ED99125CA9BA00484E49 /* IRRCustomFieldValueManaged.h */,
				8424ED9A125CA9BA00484E49 /* IRRCustomFieldValueManaged.m */,
				B388FFD9125BBF6600B62D08 /* IRRAdvertisementInfoManaged.h */,
				B388FFDA125BBF6600B62D08 /* IRRAdvertisementInfoManaged.m */,
				B388FF43125A688D00B62D08 /* IRRCustomFieldManaged.h */,
				B388FF44125A688D00B62D08 /* IRRCustomFieldManaged.m */,
				B388FF47125A688D00B62D08 /* IRRAdvertisementManaged.h */,
				B388FF48125A688D00B62D08 /* IRRAdvertisementManaged.m */,
				B388FF0B125A30D300B62D08 /* DataManager.h */,
				B388FF0C125A30D300B62D08 /* DataManager.m */,
				B388FF15125A30D300B62D08 /* IRRDataTypeProtocol.h */,
				B388FF16125A30D300B62D08 /* Offline.xcdatamodel */,
				B384B729127626E8006A23EB /* DataCoreConst.h */,
			);
			path = DataCore;
			sourceTree = "<group>";
		};
/* End PBXGroup section */

/* Begin PBXNativeTarget section */
		1D6058900D05DD3D006BFB54 /* IRR */ = {
			isa = PBXNativeTarget;
			buildConfigurationList = 1D6058960D05DD3E006BFB54 /* Build configuration list for PBXNativeTarget "IRR" */;
			buildPhases = (
				1D60588D0D05DD3D006BFB54 /* Resources */,
				1D60588E0D05DD3D006BFB54 /* Sources */,
				1D60588F0D05DD3D006BFB54 /* Frameworks */,
			);
			buildRules = (
			);
			dependencies = (
			);
			name = IRR;
			productName = IRR;
			productReference = 1D6058910D05DD3D006BFB54 /* IRR.app */;
			productType = "com.apple.product-type.application";
		};
/* End PBXNativeTarget section */

/* Begin PBXProject section */
		29B97313FDCFA39411CA2CEA /* Project object */ = {
			isa = PBXProject;
			attributes = {
				ORGANIZATIONNAME = Home;
			};
			buildConfigurationList = C01FCF4E08A954540054247B /* Build configuration list for PBXProject "IRR" */;
			compatibilityVersion = "Xcode 3.1";
			developmentRegion = English;
			hasScannedForEncodings = 1;
			knownRegions = (
				English,
				Japanese,
				French,
				German,
				en,
			);
			mainGroup = 29B97314FDCFA39411CA2CEA /* CustomTemplate */;
			projectDirPath = "";
			projectRoot = "";
			targets = (
				1D6058900D05DD3D006BFB54 /* IRR */,
			);
		};
/* End PBXProject section */

/* Begin PBXResourcesBuildPhase section */
		1D60588D0D05DD3D006BFB54 /* Resources */ = {
			isa = PBXResourcesBuildPhase;
			buildActionMask = 2147483647;
			files = (
			);
			runOnlyForDeploymentPostprocessing = 0;
		};
/* End PBXResourcesBuildPhase section */

/* Begin PBXSourcesBuildPhase section */
		1D60588E0D05DD3D006BFB54 /* Sources */ = {
			isa = PBXSourcesBuildPhase;
			buildActionMask = 2147483647;
			files = (
				B383211411EDFDEA004DBC46 /* IRRCategory.m in Sources */,
				B383211A11EDFDF9004DBC46 /* DataAdapter.m in Sources */,
				B383211B11EDFDF9004DBC46 /* DataAdapterCreator.m in Sources */,
				B383219511EF2621004DBC46 /* IRRAdvertisement.m in Sources */,
				B383240811F087FD004DBC46 /* IRRCustomField.m in Sources */,
				849F1A021212E67000B9537B /* IRRRegion.m in Sources */,
				847FA26A121E6AD3004B39A3 /* IRRFieldDescription.m in Sources */,
				847BCEC11223B7C400E111E8 /* AdvertisementsData.m in Sources */,
				84635185122D10F5000E7081 /* IRRAdvertisementInfo.m in Sources */,
				84635187122D10F5000E7081 /* IRRSellerInfo.m in Sources */,
				84941E0E1234D9A90015069A /* CustomFieldViewCreator.m in Sources */,
				84941E161234DDAA0015069A /* DateTimeCustomFieldView.m in Sources */,
				84941E191234DE1A0015069A /* DictionaryCustomFieldView.m in Sources */,
				84941F5E1234E9F50015069A /* BoolCustomFieldView.m in Sources */,
				8463E14E1234EB8B0063065C /* CustomFieldView.m in Sources */,
				8494207B12350E460015069A /* CustomTextFieldView.m in Sources */,
				841DDA3B12354BBD005CF008 /* MultiDictionaryCustomFieldView.m in Sources */,
				8480322F124B47E20043358C /* Settings.m in Sources */,
				8464DC7D124CBD0D00EFC78C /* IRRCurrency.m in Sources */,
				CE01197F12508BCA00F7EC84 /* IRRSorting.m in Sources */,
				CEE7F2F01251FE95000D55B8 /* IRRComment.m in Sources */,
				840A853C1254BEA6007C5C1C /* NumberFieldView.m in Sources */,
				8468E14B1259CA1C0017778E /* IRRSearchField.m in Sources */,
				B388FF17125A30D300B62D08 /* DataManager.m in Sources */,
				B388FF1C125A30D300B62D08 /* Offline.xcdatamodel in Sources */,
				B388FF49125A688D00B62D08 /* IRRCustomFieldManaged.m in Sources */,
				B388FF4B125A688D00B62D08 /* IRRAdvertisementManaged.m in Sources */,
				B388FFDE125BBF6600B62D08 /* IRRAdvertisementInfoManaged.m in Sources */,
				8424ED9B125CA9BA00484E49 /* IRRCustomFieldValueManaged.m in Sources */,
				B38801DC125CB4E200B62D08 /* IRRSubscriptionKeywordsManaged.m in Sources */,
				B38801DD125CB4E200B62D08 /* IRRSubscriptionManaged.m in Sources */,
				8424EF72125CC8B300484E49 /* IRRSubscription.m in Sources */,
				B385051C125E0CBF00818AA2 /* IRRRelatedToCategoryManaged.m in Sources */,
				B38C22D9125F5129004FE580 /* IRRGeoInfo.m in Sources */,
				B38AC3551263624100A3C65B /* IRRAuthToken.m in Sources */,
				B3C0F441126EE0BA00984D34 /* IRRRegistrationInfo.m in Sources */,
				84684E75126F07E500A972F8 /* CatalogCustomFieldView.m in Sources */,
				B39380CE126F75CE00953F3E /* IRRAdImageManaged.m in Sources */,
				B386D3A812721B78003EBCB4 /* IRRCategoryManaged.m in Sources */,
				B386D3A912721B78003EBCB4 /* IRRRegionManaged.m in Sources */,
				84691FE4127583240086A27A /* IRRRegistrationInfoManaged.m in Sources */,
				B384B70B12761BEE006A23EB /* IRROfflineCommandManaged.m in Sources */,
				B384BA041276E154006A23EB /* IRRCurrencyManaged.m in Sources */,
				B380A751127AE8DE00B7FFCC /* IRRFavoriteAdIdManaged.m in Sources */,
				841441A4128AFA48004E6E27 /* IRRFieldDescriptionVariantManaged.m in Sources */,
				84674287128C02F4002504E0 /* IRRFieldDescriptionManaged.m in Sources */,
				B38CC1EE1295259B001E5451 /* IRRSmsProductManaged.m in Sources */,
				B38CC1F1129525B7001E5451 /* IRRSmsProduct.m in Sources */,
			);
			runOnlyForDeploymentPostprocessing = 0;
		};
/* End PBXSourcesBuildPhase section */

/* Begin XCBuildConfiguration section */
		1D6058940D05DD3E006BFB54 /* Debug */ = {
			isa = XCBuildConfiguration;
			buildSettings = {
				ALWAYS_SEARCH_USER_PATHS = NO;
				CODE_SIGN_ENTITLEMENTS = "";
				CODE_SIGN_IDENTITY = "iPhone Distribution: IPS Pirates";
				COPY_PHASE_STRIP = NO;
				GCC_DYNAMIC_NO_PIC = NO;
				GCC_OPTIMIZATION_LEVEL = 0;
				GCC_PRECOMPILE_PREFIX_HEADER = YES;
				GCC_PREFIX_HEADER = IRR_Prefix.pch;
				HEADER_SEARCH_PATHS = "$(SDKROOT)/usr/include/libxml2";
				INFOPLIST_FILE = "IRR-Info.plist";
				IPHONEOS_DEPLOYMENT_TARGET = 3.0;
				LIBRARY_SEARCH_PATHS = "$(inherited)";
				PRODUCT_NAME = IRR;
				SDKROOT = iphonesimulator4.0;
				VERSIONING_SYSTEM = "";
			};
			name = Debug;
		};
		1D6058950D05DD3E006BFB54 /* Release */ = {
			isa = XCBuildConfiguration;
			buildSettings = {
				ALWAYS_SEARCH_USER_PATHS = NO;
				CODE_SIGN_ENTITLEMENTS = "";
				COPY_PHASE_STRIP = YES;
				GCC_PRECOMPILE_PREFIX_HEADER = YES;
				GCC_PREFIX_HEADER = IRR_Prefix.pch;
				HEADER_SEARCH_PATHS = "$(SDKROOT)/usr/include/libxml2";
				INFOPLIST_FILE = "IRR-Info.plist";
				IPHONEOS_DEPLOYMENT_TARGET = 3.0;
				LIBRARY_SEARCH_PATHS = "$(inherited)";
				PRODUCT_NAME = IRR;
				SDKROOT = iphoneos4.0;
				VALIDATE_PRODUCT = YES;
				VERSIONING_SYSTEM = "";
			};
			name = Release;
		};
		C01FCF4F08A954540054247B /* Debug */ = {
			isa = XCBuildConfiguration;
			buildSettings = {
				ARCHS = "$(ARCHS_STANDARD_32_BIT)";
				CODE_SIGN_ENTITLEMENTS = Entitlements;
				"CODE_SIGN_IDENTITY[sdk=iphoneos*]" = "iPhone Distribution: IPS Pirates";
				DEAD_CODE_STRIPPING = NO;
				GCC_C_LANGUAGE_STANDARD = c99;
				GCC_TREAT_WARNINGS_AS_ERRORS = YES;
				GCC_WARN_ABOUT_RETURN_TYPE = YES;
				GCC_WARN_UNUSED_VARIABLE = YES;
				IPHONEOS_DEPLOYMENT_TARGET = 3.0;
				OTHER_CFLAGS = "-I/usr/include/libxml2";
				OTHER_LDFLAGS = "-lxml2";
				PREBINDING = NO;
				SDKROOT = iphoneos4.1;
				TARGETED_DEVICE_FAMILY = 1;
			};
			name = Debug;
		};
		C01FCF5008A954540054247B /* Release */ = {
			isa = XCBuildConfiguration;
			buildSettings = {
				ARCHS = "$(ARCHS_STANDARD_32_BIT)";
				CODE_SIGN_ENTITLEMENTS = Entitlements;
				"CODE_SIGN_IDENTITY[sdk=iphoneos*]" = "iPhone Distribution: IPS Pirates";
				DEAD_CODE_STRIPPING = NO;
				GCC_C_LANGUAGE_STANDARD = c99;
				GCC_TREAT_WARNINGS_AS_ERRORS = YES;
				GCC_WARN_ABOUT_RETURN_TYPE = YES;
				GCC_WARN_UNUSED_VARIABLE = YES;
				IPHONEOS_DEPLOYMENT_TARGET = 3.0;
				OTHER_CFLAGS = "-DNS_BLOCK_ASSERTIONS=1";
				PREBINDING = NO;
				SDKROOT = iphoneos4.1;
			};
			name = Release;
		};
/* End XCBuildConfiguration section */

/* Begin XCConfigurationList section */
		1D6058960D05DD3E006BFB54 /* Build configuration list for PBXNativeTarget "IRR" */ = {
			isa = XCConfigurationList;
			buildConfigurations = (
				1D6058940D05DD3E006BFB54 /* Debug */,
				1D6058950D05DD3E006BFB54 /* Release */,
			);
			defaultConfigurationIsVisible = 0;
			defaultConfigurationName = Release;
		};
		C01FCF4E08A954540054247B /* Build configuration list for PBXProject "IRR" */ = {
			isa = XCConfigurationList;
			buildConfigurations = (
				C01FCF4F08A954540054247B /* Debug */,
				C01FCF5008A954540054247B /* Release */,
			);
			defaultConfigurationIsVisible = 0;
			defaultConfigurationName = Release;
		};
/* End XCConfigurationList section */
	};
	rootObject = 29B97313FDCFA39411CA2CEA /* Project object */;
}
